// !$*UTF8*$!
{
	archiveVersion = 1;
	classes = {
	};
	objectVersion = 50;
	objects = {

/* Begin PBXBuildFile section */
		384760C976A1E18AD2358639 /* Pods_MovieEnvoy.framework in Frameworks */ = {isa = PBXBuildFile; fileRef = E0CE86D94D0BB477774259D1 /* Pods_MovieEnvoy.framework */; };
		631679FA226BE486004180DC /* MainTabbarController.swift in Sources */ = {isa = PBXBuildFile; fileRef = 631679F9226BE486004180DC /* MainTabbarController.swift */; };
		631679FC226BE52F004180DC /* NowPlayingCoordinator.swift in Sources */ = {isa = PBXBuildFile; fileRef = 631679FB226BE52F004180DC /* NowPlayingCoordinator.swift */; };
		631679FE226BE54B004180DC /* PopularMoviesCoordinator.swift in Sources */ = {isa = PBXBuildFile; fileRef = 631679FD226BE54B004180DC /* PopularMoviesCoordinator.swift */; };
		63167A00226BE55E004180DC /* TopRatedCoordinator.swift in Sources */ = {isa = PBXBuildFile; fileRef = 631679FF226BE55E004180DC /* TopRatedCoordinator.swift */; };
		63167A02226BE587004180DC /* UpcomingMoviesCoordinator.swift in Sources */ = {isa = PBXBuildFile; fileRef = 63167A01226BE587004180DC /* UpcomingMoviesCoordinator.swift */; };
		63167A04226BE6E8004180DC /* MainTabBarCoordinator.swift in Sources */ = {isa = PBXBuildFile; fileRef = 63167A03226BE6E7004180DC /* MainTabBarCoordinator.swift */; };
		63167A07226BEA5C004180DC /* Storyboardable.swift in Sources */ = {isa = PBXBuildFile; fileRef = 63167A06226BEA5C004180DC /* Storyboardable.swift */; };
		631F96D9229587CD00B8FEBA /* MovieDBConfig.swift in Sources */ = {isa = PBXBuildFile; fileRef = 631F96D8229587CD00B8FEBA /* MovieDBConfig.swift */; };
		631F96DB22958ACF00B8FEBA /* ConfigurationService.swift in Sources */ = {isa = PBXBuildFile; fileRef = 631F96DA22958ACF00B8FEBA /* ConfigurationService.swift */; };
		631F96DD22958C2600B8FEBA /* GetMovieDBConfigResponseModel.swift in Sources */ = {isa = PBXBuildFile; fileRef = 631F96DC22958C2600B8FEBA /* GetMovieDBConfigResponseModel.swift */; };
		631F96DF22958D5800B8FEBA /* ConfigurationRouter.swift in Sources */ = {isa = PBXBuildFile; fileRef = 631F96DE22958D5800B8FEBA /* ConfigurationRouter.swift */; };
		631F96E122958EC500B8FEBA /* APIConfigurationService.swift in Sources */ = {isa = PBXBuildFile; fileRef = 631F96E022958EC500B8FEBA /* APIConfigurationService.swift */; };
		631F96E32295934F00B8FEBA /* MovieDBContext.swift in Sources */ = {isa = PBXBuildFile; fileRef = 631F96E22295934F00B8FEBA /* MovieDBContext.swift */; };
		632430D4226CD61A00545DDB /* MovieDeatilCoordinator.swift in Sources */ = {isa = PBXBuildFile; fileRef = 632430D3226CD61A00545DDB /* MovieDeatilCoordinator.swift */; };
		632430D8226CDC7D00545DDB /* Collection+Extension.swift in Sources */ = {isa = PBXBuildFile; fileRef = 632430D7226CDC7D00545DDB /* Collection+Extension.swift */; };
		63374B68219CCB7A008214F4 /* NowPlayingViewController.swift in Sources */ = {isa = PBXBuildFile; fileRef = 63374B67219CCB7A008214F4 /* NowPlayingViewController.swift */; };
		63374B6A219CCB87008214F4 /* NowPlayingViewController.storyboard in Resources */ = {isa = PBXBuildFile; fileRef = 63374B69219CCB87008214F4 /* NowPlayingViewController.storyboard */; };
		63374B6C219CCBA6008214F4 /* ComingSoonViewController.swift in Sources */ = {isa = PBXBuildFile; fileRef = 63374B6B219CCBA6008214F4 /* ComingSoonViewController.swift */; };
		63374B6E219CCBB3008214F4 /* ComingSoonViewController.storyboard in Resources */ = {isa = PBXBuildFile; fileRef = 63374B6D219CCBB3008214F4 /* ComingSoonViewController.storyboard */; };
		63374B70219CCBFA008214F4 /* PopularViewController.swift in Sources */ = {isa = PBXBuildFile; fileRef = 63374B6F219CCBFA008214F4 /* PopularViewController.swift */; };
		63374B72219CCC09008214F4 /* PopularViewController.storyboard in Resources */ = {isa = PBXBuildFile; fileRef = 63374B71219CCC09008214F4 /* PopularViewController.storyboard */; };
		63374B74219CCC1B008214F4 /* TopRatedViewController.storyboard in Resources */ = {isa = PBXBuildFile; fileRef = 63374B73219CCC1B008214F4 /* TopRatedViewController.storyboard */; };
		63374B76219CCC2B008214F4 /* TopRatedViewController.swift in Sources */ = {isa = PBXBuildFile; fileRef = 63374B75219CCC2B008214F4 /* TopRatedViewController.swift */; };
		63374B7B219CCFC5008214F4 /* MovieInfoTableViewCell.swift in Sources */ = {isa = PBXBuildFile; fileRef = 63374B79219CCFC5008214F4 /* MovieInfoTableViewCell.swift */; };
		63374B7C219CCFC5008214F4 /* MovieInfoTableViewCell.xib in Resources */ = {isa = PBXBuildFile; fileRef = 63374B7A219CCFC5008214F4 /* MovieInfoTableViewCell.xib */; };
		63374B8A219CFFA7008214F4 /* MovieSummary.swift in Sources */ = {isa = PBXBuildFile; fileRef = 63374B89219CFFA7008214F4 /* MovieSummary.swift */; };
		63374B8D219D2189008214F4 /* MovieEnvoyViewController.swift in Sources */ = {isa = PBXBuildFile; fileRef = 63374B8C219D2189008214F4 /* MovieEnvoyViewController.swift */; };
		634D27FE2275290F0076ACB9 /* UIViewController+Extension.swift in Sources */ = {isa = PBXBuildFile; fileRef = 634D27FD2275290F0076ACB9 /* UIViewController+Extension.swift */; };
		634D280222752EC40076ACB9 /* MovieDetail.swift in Sources */ = {isa = PBXBuildFile; fileRef = 634D280122752EC40076ACB9 /* MovieDetail.swift */; };
		634D28042275300E0076ACB9 /* GetMovieDetailResponse.swift in Sources */ = {isa = PBXBuildFile; fileRef = 634D28032275300E0076ACB9 /* GetMovieDetailResponse.swift */; };
		634D2806227538FA0076ACB9 /* MovieGenre.swift in Sources */ = {isa = PBXBuildFile; fileRef = 634D2805227538FA0076ACB9 /* MovieGenre.swift */; };
		634D2808227539750076ACB9 /* MovieCollection.swift in Sources */ = {isa = PBXBuildFile; fileRef = 634D2807227539750076ACB9 /* MovieCollection.swift */; };
		634D280A22753BA70076ACB9 /* ProductionCompany.swift in Sources */ = {isa = PBXBuildFile; fileRef = 634D280922753BA70076ACB9 /* ProductionCompany.swift */; };
		634D280C22753C680076ACB9 /* ProductionCountries.swift in Sources */ = {isa = PBXBuildFile; fileRef = 634D280B22753C680076ACB9 /* ProductionCountries.swift */; };
		634D280E22753D4B0076ACB9 /* SpokenLanguage.swift in Sources */ = {isa = PBXBuildFile; fileRef = 634D280D22753D4B0076ACB9 /* SpokenLanguage.swift */; };
		634D28102275EC4B0076ACB9 /* MovieDetailViewModel.swift in Sources */ = {isa = PBXBuildFile; fileRef = 634D280F2275EC4B0076ACB9 /* MovieDetailViewModel.swift */; };
		634D28312275F15F0076ACB9 /* MovieEnvoyTests.swift in Sources */ = {isa = PBXBuildFile; fileRef = 634D28302275F15F0076ACB9 /* MovieEnvoyTests.swift */; };
		634D283C2275FA630076ACB9 /* APIEndpoint.swift in Sources */ = {isa = PBXBuildFile; fileRef = 6374F300225F76AD006987E5 /* APIEndpoint.swift */; };
		634D283D2275FA630076ACB9 /* APIError.swift in Sources */ = {isa = PBXBuildFile; fileRef = 6374F302225F77B6006987E5 /* APIError.swift */; };
		634D283F2275FA630076ACB9 /* APIServiceContext.swift in Sources */ = {isa = PBXBuildFile; fileRef = 6374F306225F78EC006987E5 /* APIServiceContext.swift */; };
		634D28402275FA730076ACB9 /* MovieService.swift in Sources */ = {isa = PBXBuildFile; fileRef = 6374F30A225F7EF9006987E5 /* MovieService.swift */; };
		634D28412275FA730076ACB9 /* GetMoviesResponseModel.swift in Sources */ = {isa = PBXBuildFile; fileRef = 63A9D291225F8F7300BA2F3E /* GetMoviesResponseModel.swift */; };
		634D28422275FA730076ACB9 /* GetPopularMovieResponseModel.swift in Sources */ = {isa = PBXBuildFile; fileRef = 63606DA62263F87700CA02C4 /* GetPopularMovieResponseModel.swift */; };
		634D28432275FA730076ACB9 /* GetTopRatedMoviesResponseModel.swift in Sources */ = {isa = PBXBuildFile; fileRef = 63606DAB2264D74500CA02C4 /* GetTopRatedMoviesResponseModel.swift */; };
		634D28442275FA730076ACB9 /* GetMovieDetailResponse.swift in Sources */ = {isa = PBXBuildFile; fileRef = 634D28032275300E0076ACB9 /* GetMovieDetailResponse.swift */; };
		634D28452275FA730076ACB9 /* MovieRouter.swift in Sources */ = {isa = PBXBuildFile; fileRef = 63A9D28B225F8A8C00BA2F3E /* MovieRouter.swift */; };
		634D28462275FA730076ACB9 /* EndpointRouter.swift in Sources */ = {isa = PBXBuildFile; fileRef = 63A9D28D225F8AAA00BA2F3E /* EndpointRouter.swift */; };
		634D28472275FA730076ACB9 /* APIMovieService.swift in Sources */ = {isa = PBXBuildFile; fileRef = 63A9D28F225F8DCF00BA2F3E /* APIMovieService.swift */; };
		634D28482275FA800076ACB9 /* MovieCollection.swift in Sources */ = {isa = PBXBuildFile; fileRef = 634D2807227539750076ACB9 /* MovieCollection.swift */; };
		634D28492275FA800076ACB9 /* MovieDetail.swift in Sources */ = {isa = PBXBuildFile; fileRef = 634D280122752EC40076ACB9 /* MovieDetail.swift */; };
		634D284A2275FA800076ACB9 /* MovieGenre.swift in Sources */ = {isa = PBXBuildFile; fileRef = 634D2805227538FA0076ACB9 /* MovieGenre.swift */; };
		634D284B2275FA800076ACB9 /* MovieSummary.swift in Sources */ = {isa = PBXBuildFile; fileRef = 63374B89219CFFA7008214F4 /* MovieSummary.swift */; };
		634D284C2275FA800076ACB9 /* ProductionCompany.swift in Sources */ = {isa = PBXBuildFile; fileRef = 634D280922753BA70076ACB9 /* ProductionCompany.swift */; };
		634D284D2275FA800076ACB9 /* ProductionCountries.swift in Sources */ = {isa = PBXBuildFile; fileRef = 634D280B22753C680076ACB9 /* ProductionCountries.swift */; };
		634D284E2275FA800076ACB9 /* SpokenLanguage.swift in Sources */ = {isa = PBXBuildFile; fileRef = 634D280D22753D4B0076ACB9 /* SpokenLanguage.swift */; };
		634D284F2275FA8C0076ACB9 /* MovieViewModel.swift in Sources */ = {isa = PBXBuildFile; fileRef = 63606DA92263FB8600CA02C4 /* MovieViewModel.swift */; };
		634D28502275FA8C0076ACB9 /* MovieDetailViewModel.swift in Sources */ = {isa = PBXBuildFile; fileRef = 634D280F2275EC4B0076ACB9 /* MovieDetailViewModel.swift */; };
		634D28512275FF050076ACB9 /* Stdlib+Extension.swift in Sources */ = {isa = PBXBuildFile; fileRef = 6374F308225F7C24006987E5 /* Stdlib+Extension.swift */; };
		634D28522276001A0076ACB9 /* MovieInfoTableViewCell.swift in Sources */ = {isa = PBXBuildFile; fileRef = 63374B79219CCFC5008214F4 /* MovieInfoTableViewCell.swift */; };
		634D28532276007F0076ACB9 /* UIView+Extension.swift in Sources */ = {isa = PBXBuildFile; fileRef = 6374F2F7225F7016006987E5 /* UIView+Extension.swift */; };
		634D2854227600830076ACB9 /* UIViewController+Extension.swift in Sources */ = {isa = PBXBuildFile; fileRef = 634D27FD2275290F0076ACB9 /* UIViewController+Extension.swift */; };
		634D2855227600870076ACB9 /* Collection+Extension.swift in Sources */ = {isa = PBXBuildFile; fileRef = 632430D7226CDC7D00545DDB /* Collection+Extension.swift */; };
		634D2857227603080076ACB9 /* APIService.swift in Sources */ = {isa = PBXBuildFile; fileRef = 6374F304225F789C006987E5 /* APIService.swift */; };
		634D28582276034B0076ACB9 /* MovieEnvoyUITests.swift in Sources */ = {isa = PBXBuildFile; fileRef = 63FF9D5D219CBA9D00C3ADF6 /* MovieEnvoyUITests.swift */; };
		6352656E2299BB1A00276C04 /* CellToDetailTransition.swift in Sources */ = {isa = PBXBuildFile; fileRef = 6352656D2299BB1A00276C04 /* CellToDetailTransition.swift */; };
		635265702299C4F400276C04 /* TableViewCellProvider.swift in Sources */ = {isa = PBXBuildFile; fileRef = 6352656F2299C4F400276C04 /* TableViewCellProvider.swift */; };
		63606DA72263F87700CA02C4 /* GetPopularMovieResponseModel.swift in Sources */ = {isa = PBXBuildFile; fileRef = 63606DA62263F87700CA02C4 /* GetPopularMovieResponseModel.swift */; };
		63606DAA2263FB8600CA02C4 /* MovieViewModel.swift in Sources */ = {isa = PBXBuildFile; fileRef = 63606DA92263FB8600CA02C4 /* MovieViewModel.swift */; };
		63606DAC2264D74500CA02C4 /* GetTopRatedMoviesResponseModel.swift in Sources */ = {isa = PBXBuildFile; fileRef = 63606DAB2264D74500CA02C4 /* GetTopRatedMoviesResponseModel.swift */; };
		6374F2F8225F7016006987E5 /* UIView+Extension.swift in Sources */ = {isa = PBXBuildFile; fileRef = 6374F2F7225F7016006987E5 /* UIView+Extension.swift */; };
		6374F301225F76AD006987E5 /* APIEndpoint.swift in Sources */ = {isa = PBXBuildFile; fileRef = 6374F300225F76AD006987E5 /* APIEndpoint.swift */; };
		6374F303225F77B6006987E5 /* APIError.swift in Sources */ = {isa = PBXBuildFile; fileRef = 6374F302225F77B6006987E5 /* APIError.swift */; };
		6374F305225F789C006987E5 /* APIService.swift in Sources */ = {isa = PBXBuildFile; fileRef = 6374F304225F789C006987E5 /* APIService.swift */; };
		6374F307225F78EC006987E5 /* APIServiceContext.swift in Sources */ = {isa = PBXBuildFile; fileRef = 6374F306225F78EC006987E5 /* APIServiceContext.swift */; };
		6374F309225F7C24006987E5 /* Stdlib+Extension.swift in Sources */ = {isa = PBXBuildFile; fileRef = 6374F308225F7C24006987E5 /* Stdlib+Extension.swift */; };
		6374F30B225F7EF9006987E5 /* MovieService.swift in Sources */ = {isa = PBXBuildFile; fileRef = 6374F30A225F7EF9006987E5 /* MovieService.swift */; };
		6384C0B922762537004EEA3E /* MovieDetailHeaderView.swift in Sources */ = {isa = PBXBuildFile; fileRef = 6384C0B822762537004EEA3E /* MovieDetailHeaderView.swift */; };
		6384C0BB227625C3004EEA3E /* MovieDetailHeaderView.xib in Resources */ = {isa = PBXBuildFile; fileRef = 6384C0BA227625C3004EEA3E /* MovieDetailHeaderView.xib */; };
		63A9D28C225F8A8C00BA2F3E /* MovieRouter.swift in Sources */ = {isa = PBXBuildFile; fileRef = 63A9D28B225F8A8C00BA2F3E /* MovieRouter.swift */; };
		63A9D28E225F8AAA00BA2F3E /* EndpointRouter.swift in Sources */ = {isa = PBXBuildFile; fileRef = 63A9D28D225F8AAA00BA2F3E /* EndpointRouter.swift */; };
		63A9D290225F8DCF00BA2F3E /* APIMovieService.swift in Sources */ = {isa = PBXBuildFile; fileRef = 63A9D28F225F8DCF00BA2F3E /* APIMovieService.swift */; };
		63A9D292225F8F7300BA2F3E /* GetMoviesResponseModel.swift in Sources */ = {isa = PBXBuildFile; fileRef = 63A9D291225F8F7300BA2F3E /* GetMoviesResponseModel.swift */; };
		63C15A0D227630710006CA8B /* Nibable.swift in Sources */ = {isa = PBXBuildFile; fileRef = 63C15A0C227630710006CA8B /* Nibable.swift */; };
		63C15A0F227640690006CA8B /* UIImage+Extension.swift in Sources */ = {isa = PBXBuildFile; fileRef = 63C15A0E227640690006CA8B /* UIImage+Extension.swift */; };
		63C15A12227649670006CA8B /* MovieDetailViewController.swift in Sources */ = {isa = PBXBuildFile; fileRef = 63C15A10227649670006CA8B /* MovieDetailViewController.swift */; };
		63C15A15227649BF0006CA8B /* MovieDetailViewController.storyboard in Resources */ = {isa = PBXBuildFile; fileRef = 63C15A14227649BF0006CA8B /* MovieDetailViewController.storyboard */; };
		63D92328227732D20020A6EF /* UIImageView+Extension.swift in Sources */ = {isa = PBXBuildFile; fileRef = 63D92327227732D20020A6EF /* UIImageView+Extension.swift */; };
		63E5B0A72268BE17009111DE /* Coordinator.swift in Sources */ = {isa = PBXBuildFile; fileRef = 63E5B0A62268BE17009111DE /* Coordinator.swift */; };
		63FF9D45219CBA9C00C3ADF6 /* Assets.xcassets in Resources */ = {isa = PBXBuildFile; fileRef = 63FF9D44219CBA9C00C3ADF6 /* Assets.xcassets */; };
		63FF9D48219CBA9C00C3ADF6 /* LaunchScreen.storyboard in Resources */ = {isa = PBXBuildFile; fileRef = 63FF9D46219CBA9C00C3ADF6 /* LaunchScreen.storyboard */; };
		63FF9D76219CBBBB00C3ADF6 /* AppDelegate.swift in Sources */ = {isa = PBXBuildFile; fileRef = 63FF9D75219CBBBB00C3ADF6 /* AppDelegate.swift */; };
		C4AEFB7EDFC8F9B23A97050E /* Pods_MovieEnvoyUITests.framework in Frameworks */ = {isa = PBXBuildFile; fileRef = 46652958327B9AEF130413B5 /* Pods_MovieEnvoyUITests.framework */; };
		E1DCA4C496FA596FBB06B6EC /* Pods_MovieEnvoyTests.framework in Frameworks */ = {isa = PBXBuildFile; fileRef = 2077E16D0AC85B36B30376FB /* Pods_MovieEnvoyTests.framework */; };
/* End PBXBuildFile section */

/* Begin PBXContainerItemProxy section */
		634D28332275F15F0076ACB9 /* PBXContainerItemProxy */ = {
			isa = PBXContainerItemProxy;
			containerPortal = 63FF9D30219CBA9B00C3ADF6 /* Project object */;
			proxyType = 1;
			remoteGlobalIDString = 63FF9D37219CBA9B00C3ADF6;
			remoteInfo = MovieEnvoy;
		};
		63FF9D5A219CBA9D00C3ADF6 /* PBXContainerItemProxy */ = {
			isa = PBXContainerItemProxy;
			containerPortal = 63FF9D30219CBA9B00C3ADF6 /* Project object */;
			proxyType = 1;
			remoteGlobalIDString = 63FF9D37219CBA9B00C3ADF6;
			remoteInfo = MovieEnvoy;
		};
/* End PBXContainerItemProxy section */

/* Begin PBXFileReference section */
		0C9E28ACE5A0ACDDB1F0B465 /* Pods-MovieEnvoy.devrelease.xcconfig */ = {isa = PBXFileReference; includeInIndex = 1; lastKnownFileType = text.xcconfig; name = "Pods-MovieEnvoy.devrelease.xcconfig"; path = "Target Support Files/Pods-MovieEnvoy/Pods-MovieEnvoy.devrelease.xcconfig"; sourceTree = "<group>"; };
		1741700A0B62D60CDB3A24B2 /* Pods-MovieEnvoyUITests.proddebug.xcconfig */ = {isa = PBXFileReference; includeInIndex = 1; lastKnownFileType = text.xcconfig; name = "Pods-MovieEnvoyUITests.proddebug.xcconfig"; path = "Target Support Files/Pods-MovieEnvoyUITests/Pods-MovieEnvoyUITests.proddebug.xcconfig"; sourceTree = "<group>"; };
		1F11BD07E9C630B4873A5FB7 /* Pods-MovieEnvoyTests.debug.xcconfig */ = {isa = PBXFileReference; includeInIndex = 1; lastKnownFileType = text.xcconfig; name = "Pods-MovieEnvoyTests.debug.xcconfig"; path = "Target Support Files/Pods-MovieEnvoyTests/Pods-MovieEnvoyTests.debug.xcconfig"; sourceTree = "<group>"; };
		2077E16D0AC85B36B30376FB /* Pods_MovieEnvoyTests.framework */ = {isa = PBXFileReference; explicitFileType = wrapper.framework; includeInIndex = 0; path = Pods_MovieEnvoyTests.framework; sourceTree = BUILT_PRODUCTS_DIR; };
		29BA6A5C19E68DFEEA49A846 /* Pods-MovieEnvoy.release.xcconfig */ = {isa = PBXFileReference; includeInIndex = 1; lastKnownFileType = text.xcconfig; name = "Pods-MovieEnvoy.release.xcconfig"; path = "Target Support Files/Pods-MovieEnvoy/Pods-MovieEnvoy.release.xcconfig"; sourceTree = "<group>"; };
		2A2AD08751CABC48F7C41C4D /* Pods-MovieEnvoyTests.prodrelease.xcconfig */ = {isa = PBXFileReference; includeInIndex = 1; lastKnownFileType = text.xcconfig; name = "Pods-MovieEnvoyTests.prodrelease.xcconfig"; path = "Target Support Files/Pods-MovieEnvoyTests/Pods-MovieEnvoyTests.prodrelease.xcconfig"; sourceTree = "<group>"; };
		397BDDAC96A4228804751EEE /* Pods-MovieEnvoy.debug.xcconfig */ = {isa = PBXFileReference; includeInIndex = 1; lastKnownFileType = text.xcconfig; name = "Pods-MovieEnvoy.debug.xcconfig"; path = "Target Support Files/Pods-MovieEnvoy/Pods-MovieEnvoy.debug.xcconfig"; sourceTree = "<group>"; };
		46652958327B9AEF130413B5 /* Pods_MovieEnvoyUITests.framework */ = {isa = PBXFileReference; explicitFileType = wrapper.framework; includeInIndex = 0; path = Pods_MovieEnvoyUITests.framework; sourceTree = BUILT_PRODUCTS_DIR; };
		631679F9226BE486004180DC /* MainTabbarController.swift */ = {isa = PBXFileReference; fileEncoding = 4; lastKnownFileType = sourcecode.swift; path = MainTabbarController.swift; sourceTree = "<group>"; };
		631679FB226BE52F004180DC /* NowPlayingCoordinator.swift */ = {isa = PBXFileReference; lastKnownFileType = sourcecode.swift; path = NowPlayingCoordinator.swift; sourceTree = "<group>"; };
		631679FD226BE54B004180DC /* PopularMoviesCoordinator.swift */ = {isa = PBXFileReference; lastKnownFileType = sourcecode.swift; path = PopularMoviesCoordinator.swift; sourceTree = "<group>"; };
		631679FF226BE55E004180DC /* TopRatedCoordinator.swift */ = {isa = PBXFileReference; lastKnownFileType = sourcecode.swift; path = TopRatedCoordinator.swift; sourceTree = "<group>"; };
		63167A01226BE587004180DC /* UpcomingMoviesCoordinator.swift */ = {isa = PBXFileReference; lastKnownFileType = sourcecode.swift; path = UpcomingMoviesCoordinator.swift; sourceTree = "<group>"; };
		63167A03226BE6E7004180DC /* MainTabBarCoordinator.swift */ = {isa = PBXFileReference; lastKnownFileType = sourcecode.swift; path = MainTabBarCoordinator.swift; sourceTree = "<group>"; };
		63167A06226BEA5C004180DC /* Storyboardable.swift */ = {isa = PBXFileReference; lastKnownFileType = sourcecode.swift; path = Storyboardable.swift; sourceTree = "<group>"; };
		631F96D8229587CD00B8FEBA /* MovieDBConfig.swift */ = {isa = PBXFileReference; lastKnownFileType = sourcecode.swift; path = MovieDBConfig.swift; sourceTree = "<group>"; };
		631F96DA22958ACF00B8FEBA /* ConfigurationService.swift */ = {isa = PBXFileReference; lastKnownFileType = sourcecode.swift; path = ConfigurationService.swift; sourceTree = "<group>"; };
		631F96DC22958C2600B8FEBA /* GetMovieDBConfigResponseModel.swift */ = {isa = PBXFileReference; lastKnownFileType = sourcecode.swift; path = GetMovieDBConfigResponseModel.swift; sourceTree = "<group>"; };
		631F96DE22958D5800B8FEBA /* ConfigurationRouter.swift */ = {isa = PBXFileReference; lastKnownFileType = sourcecode.swift; path = ConfigurationRouter.swift; sourceTree = "<group>"; };
		631F96E022958EC500B8FEBA /* APIConfigurationService.swift */ = {isa = PBXFileReference; lastKnownFileType = sourcecode.swift; path = APIConfigurationService.swift; sourceTree = "<group>"; };
		631F96E22295934F00B8FEBA /* MovieDBContext.swift */ = {isa = PBXFileReference; lastKnownFileType = sourcecode.swift; path = MovieDBContext.swift; sourceTree = "<group>"; };
		632430D3226CD61A00545DDB /* MovieDeatilCoordinator.swift */ = {isa = PBXFileReference; lastKnownFileType = sourcecode.swift; path = MovieDeatilCoordinator.swift; sourceTree = "<group>"; };
		632430D7226CDC7D00545DDB /* Collection+Extension.swift */ = {isa = PBXFileReference; lastKnownFileType = sourcecode.swift; path = "Collection+Extension.swift"; sourceTree = "<group>"; };
		63374B67219CCB7A008214F4 /* NowPlayingViewController.swift */ = {isa = PBXFileReference; lastKnownFileType = sourcecode.swift; path = NowPlayingViewController.swift; sourceTree = "<group>"; };
		63374B69219CCB87008214F4 /* NowPlayingViewController.storyboard */ = {isa = PBXFileReference; lastKnownFileType = file.storyboard; path = NowPlayingViewController.storyboard; sourceTree = "<group>"; };
		63374B6B219CCBA6008214F4 /* ComingSoonViewController.swift */ = {isa = PBXFileReference; lastKnownFileType = sourcecode.swift; path = ComingSoonViewController.swift; sourceTree = "<group>"; };
		63374B6D219CCBB3008214F4 /* ComingSoonViewController.storyboard */ = {isa = PBXFileReference; lastKnownFileType = file.storyboard; path = ComingSoonViewController.storyboard; sourceTree = "<group>"; };
		63374B6F219CCBFA008214F4 /* PopularViewController.swift */ = {isa = PBXFileReference; lastKnownFileType = sourcecode.swift; path = PopularViewController.swift; sourceTree = "<group>"; };
		63374B71219CCC09008214F4 /* PopularViewController.storyboard */ = {isa = PBXFileReference; lastKnownFileType = file.storyboard; path = PopularViewController.storyboard; sourceTree = "<group>"; };
		63374B73219CCC1B008214F4 /* TopRatedViewController.storyboard */ = {isa = PBXFileReference; lastKnownFileType = file.storyboard; path = TopRatedViewController.storyboard; sourceTree = "<group>"; };
		63374B75219CCC2B008214F4 /* TopRatedViewController.swift */ = {isa = PBXFileReference; lastKnownFileType = sourcecode.swift; path = TopRatedViewController.swift; sourceTree = "<group>"; };
		63374B79219CCFC5008214F4 /* MovieInfoTableViewCell.swift */ = {isa = PBXFileReference; lastKnownFileType = sourcecode.swift; path = MovieInfoTableViewCell.swift; sourceTree = "<group>"; };
		63374B7A219CCFC5008214F4 /* MovieInfoTableViewCell.xib */ = {isa = PBXFileReference; lastKnownFileType = file.xib; path = MovieInfoTableViewCell.xib; sourceTree = "<group>"; };
		63374B7D219CDAAB008214F4 /* README.md */ = {isa = PBXFileReference; fileEncoding = 4; lastKnownFileType = net.daringfireball.markdown; name = README.md; path = ../README.md; sourceTree = "<group>"; };
		63374B89219CFFA7008214F4 /* MovieSummary.swift */ = {isa = PBXFileReference; lastKnownFileType = sourcecode.swift; path = MovieSummary.swift; sourceTree = "<group>"; };
		63374B8C219D2189008214F4 /* MovieEnvoyViewController.swift */ = {isa = PBXFileReference; lastKnownFileType = sourcecode.swift; path = MovieEnvoyViewController.swift; sourceTree = "<group>"; };
		63375C6E22638CFF00451CE1 /* development.xcconfig */ = {isa = PBXFileReference; lastKnownFileType = text.xcconfig; path = development.xcconfig; sourceTree = "<group>"; };
		63375C6F22638E9E00451CE1 /* production.xcconfig */ = {isa = PBXFileReference; lastKnownFileType = text.xcconfig; path = production.xcconfig; sourceTree = "<group>"; };
		63375C7022638EFC00451CE1 /* generator.xcconfig */ = {isa = PBXFileReference; lastKnownFileType = text.xcconfig; path = generator.xcconfig; sourceTree = "<group>"; };
		63375C71226395B000451CE1 /* MovieEnvoy-Bridging-Header.h */ = {isa = PBXFileReference; lastKnownFileType = sourcecode.c.h; path = "MovieEnvoy-Bridging-Header.h"; sourceTree = "<group>"; };
		634D27FD2275290F0076ACB9 /* UIViewController+Extension.swift */ = {isa = PBXFileReference; lastKnownFileType = sourcecode.swift; path = "UIViewController+Extension.swift"; sourceTree = "<group>"; };
		634D280122752EC40076ACB9 /* MovieDetail.swift */ = {isa = PBXFileReference; lastKnownFileType = sourcecode.swift; path = MovieDetail.swift; sourceTree = "<group>"; };
		634D28032275300E0076ACB9 /* GetMovieDetailResponse.swift */ = {isa = PBXFileReference; lastKnownFileType = sourcecode.swift; path = GetMovieDetailResponse.swift; sourceTree = "<group>"; };
		634D2805227538FA0076ACB9 /* MovieGenre.swift */ = {isa = PBXFileReference; lastKnownFileType = sourcecode.swift; path = MovieGenre.swift; sourceTree = "<group>"; };
		634D2807227539750076ACB9 /* MovieCollection.swift */ = {isa = PBXFileReference; lastKnownFileType = sourcecode.swift; path = MovieCollection.swift; sourceTree = "<group>"; };
		634D280922753BA70076ACB9 /* ProductionCompany.swift */ = {isa = PBXFileReference; lastKnownFileType = sourcecode.swift; path = ProductionCompany.swift; sourceTree = "<group>"; };
		634D280B22753C680076ACB9 /* ProductionCountries.swift */ = {isa = PBXFileReference; lastKnownFileType = sourcecode.swift; path = ProductionCountries.swift; sourceTree = "<group>"; };
		634D280D22753D4B0076ACB9 /* SpokenLanguage.swift */ = {isa = PBXFileReference; lastKnownFileType = sourcecode.swift; path = SpokenLanguage.swift; sourceTree = "<group>"; };
		634D280F2275EC4B0076ACB9 /* MovieDetailViewModel.swift */ = {isa = PBXFileReference; lastKnownFileType = sourcecode.swift; path = MovieDetailViewModel.swift; sourceTree = "<group>"; };
		634D282E2275F15F0076ACB9 /* MovieEnvoyTests.xctest */ = {isa = PBXFileReference; explicitFileType = wrapper.cfbundle; includeInIndex = 0; path = MovieEnvoyTests.xctest; sourceTree = BUILT_PRODUCTS_DIR; };
		634D28302275F15F0076ACB9 /* MovieEnvoyTests.swift */ = {isa = PBXFileReference; lastKnownFileType = sourcecode.swift; path = MovieEnvoyTests.swift; sourceTree = "<group>"; };
		634D28322275F15F0076ACB9 /* Info.plist */ = {isa = PBXFileReference; lastKnownFileType = text.plist.xml; path = Info.plist; sourceTree = "<group>"; };
		6352656D2299BB1A00276C04 /* CellToDetailTransition.swift */ = {isa = PBXFileReference; lastKnownFileType = sourcecode.swift; path = CellToDetailTransition.swift; sourceTree = "<group>"; };
		6352656F2299C4F400276C04 /* TableViewCellProvider.swift */ = {isa = PBXFileReference; lastKnownFileType = sourcecode.swift; path = TableViewCellProvider.swift; sourceTree = "<group>"; };
		63606DA62263F87700CA02C4 /* GetPopularMovieResponseModel.swift */ = {isa = PBXFileReference; lastKnownFileType = sourcecode.swift; path = GetPopularMovieResponseModel.swift; sourceTree = "<group>"; };
		63606DA92263FB8600CA02C4 /* MovieViewModel.swift */ = {isa = PBXFileReference; lastKnownFileType = sourcecode.swift; path = MovieViewModel.swift; sourceTree = "<group>"; };
		63606DAB2264D74500CA02C4 /* GetTopRatedMoviesResponseModel.swift */ = {isa = PBXFileReference; lastKnownFileType = sourcecode.swift; path = GetTopRatedMoviesResponseModel.swift; sourceTree = "<group>"; };
		6374F2F7225F7016006987E5 /* UIView+Extension.swift */ = {isa = PBXFileReference; lastKnownFileType = sourcecode.swift; path = "UIView+Extension.swift"; sourceTree = "<group>"; };
		6374F300225F76AD006987E5 /* APIEndpoint.swift */ = {isa = PBXFileReference; lastKnownFileType = sourcecode.swift; path = APIEndpoint.swift; sourceTree = "<group>"; };
		6374F302225F77B6006987E5 /* APIError.swift */ = {isa = PBXFileReference; lastKnownFileType = sourcecode.swift; path = APIError.swift; sourceTree = "<group>"; };
		6374F304225F789C006987E5 /* APIService.swift */ = {isa = PBXFileReference; lastKnownFileType = sourcecode.swift; path = APIService.swift; sourceTree = "<group>"; };
		6374F306225F78EC006987E5 /* APIServiceContext.swift */ = {isa = PBXFileReference; lastKnownFileType = sourcecode.swift; path = APIServiceContext.swift; sourceTree = "<group>"; };
		6374F308225F7C24006987E5 /* Stdlib+Extension.swift */ = {isa = PBXFileReference; lastKnownFileType = sourcecode.swift; path = "Stdlib+Extension.swift"; sourceTree = "<group>"; };
		6374F30A225F7EF9006987E5 /* MovieService.swift */ = {isa = PBXFileReference; lastKnownFileType = sourcecode.swift; path = MovieService.swift; sourceTree = "<group>"; };
		6384C0B822762537004EEA3E /* MovieDetailHeaderView.swift */ = {isa = PBXFileReference; lastKnownFileType = sourcecode.swift; path = MovieDetailHeaderView.swift; sourceTree = "<group>"; };
		6384C0BA227625C3004EEA3E /* MovieDetailHeaderView.xib */ = {isa = PBXFileReference; lastKnownFileType = file.xib; path = MovieDetailHeaderView.xib; sourceTree = "<group>"; };
		63A9D28B225F8A8C00BA2F3E /* MovieRouter.swift */ = {isa = PBXFileReference; lastKnownFileType = sourcecode.swift; path = MovieRouter.swift; sourceTree = "<group>"; };
		63A9D28D225F8AAA00BA2F3E /* EndpointRouter.swift */ = {isa = PBXFileReference; lastKnownFileType = sourcecode.swift; path = EndpointRouter.swift; sourceTree = "<group>"; };
		63A9D28F225F8DCF00BA2F3E /* APIMovieService.swift */ = {isa = PBXFileReference; lastKnownFileType = sourcecode.swift; path = APIMovieService.swift; sourceTree = "<group>"; };
		63A9D291225F8F7300BA2F3E /* GetMoviesResponseModel.swift */ = {isa = PBXFileReference; lastKnownFileType = sourcecode.swift; path = GetMoviesResponseModel.swift; sourceTree = "<group>"; };
		63B9A32F22623F39000C3584 /* all.xcconfig */ = {isa = PBXFileReference; lastKnownFileType = text.xcconfig; path = all.xcconfig; sourceTree = "<group>"; };
		63C15A0C227630710006CA8B /* Nibable.swift */ = {isa = PBXFileReference; lastKnownFileType = sourcecode.swift; path = Nibable.swift; sourceTree = "<group>"; };
		63C15A0E227640690006CA8B /* UIImage+Extension.swift */ = {isa = PBXFileReference; lastKnownFileType = sourcecode.swift; path = "UIImage+Extension.swift"; sourceTree = "<group>"; };
		63C15A10227649670006CA8B /* MovieDetailViewController.swift */ = {isa = PBXFileReference; lastKnownFileType = sourcecode.swift; path = MovieDetailViewController.swift; sourceTree = "<group>"; };
		63C15A14227649BF0006CA8B /* MovieDetailViewController.storyboard */ = {isa = PBXFileReference; lastKnownFileType = file.storyboard; path = MovieDetailViewController.storyboard; sourceTree = "<group>"; };
		63D92327227732D20020A6EF /* UIImageView+Extension.swift */ = {isa = PBXFileReference; lastKnownFileType = sourcecode.swift; path = "UIImageView+Extension.swift"; sourceTree = "<group>"; };
		63E5B0A62268BE17009111DE /* Coordinator.swift */ = {isa = PBXFileReference; lastKnownFileType = sourcecode.swift; path = Coordinator.swift; sourceTree = "<group>"; };
		63FF9D38219CBA9B00C3ADF6 /* MovieEnvoy.app */ = {isa = PBXFileReference; explicitFileType = wrapper.application; includeInIndex = 0; path = MovieEnvoy.app; sourceTree = BUILT_PRODUCTS_DIR; };
		63FF9D44219CBA9C00C3ADF6 /* Assets.xcassets */ = {isa = PBXFileReference; lastKnownFileType = folder.assetcatalog; path = Assets.xcassets; sourceTree = "<group>"; };
		63FF9D47219CBA9C00C3ADF6 /* Base */ = {isa = PBXFileReference; lastKnownFileType = file.storyboard; name = Base; path = Base.lproj/LaunchScreen.storyboard; sourceTree = "<group>"; };
		63FF9D49219CBA9C00C3ADF6 /* Info.plist */ = {isa = PBXFileReference; lastKnownFileType = text.plist.xml; path = Info.plist; sourceTree = "<group>"; };
		63FF9D52219CBA9D00C3ADF6 /* MovieEnvoyTests.swift */ = {isa = PBXFileReference; lastKnownFileType = sourcecode.swift; path = MovieEnvoyTests.swift; sourceTree = "<group>"; };
		63FF9D54219CBA9D00C3ADF6 /* Info.plist */ = {isa = PBXFileReference; lastKnownFileType = text.plist.xml; path = Info.plist; sourceTree = "<group>"; };
		63FF9D59219CBA9D00C3ADF6 /* MovieEnvoyUITests.xctest */ = {isa = PBXFileReference; explicitFileType = wrapper.cfbundle; includeInIndex = 0; path = MovieEnvoyUITests.xctest; sourceTree = BUILT_PRODUCTS_DIR; };
		63FF9D5D219CBA9D00C3ADF6 /* MovieEnvoyUITests.swift */ = {isa = PBXFileReference; lastKnownFileType = sourcecode.swift; path = MovieEnvoyUITests.swift; sourceTree = "<group>"; };
		63FF9D5F219CBA9D00C3ADF6 /* Info.plist */ = {isa = PBXFileReference; lastKnownFileType = text.plist.xml; path = Info.plist; sourceTree = "<group>"; };
		63FF9D75219CBBBB00C3ADF6 /* AppDelegate.swift */ = {isa = PBXFileReference; fileEncoding = 4; lastKnownFileType = sourcecode.swift; path = AppDelegate.swift; sourceTree = "<group>"; };
		65DCEF71F551179EBAD847F4 /* Pods-MovieEnvoyTests.release.xcconfig */ = {isa = PBXFileReference; includeInIndex = 1; lastKnownFileType = text.xcconfig; name = "Pods-MovieEnvoyTests.release.xcconfig"; path = "Target Support Files/Pods-MovieEnvoyTests/Pods-MovieEnvoyTests.release.xcconfig"; sourceTree = "<group>"; };
		6DF30E07D928636748980034 /* Pods-MovieEnvoyUITests.prodrelease.xcconfig */ = {isa = PBXFileReference; includeInIndex = 1; lastKnownFileType = text.xcconfig; name = "Pods-MovieEnvoyUITests.prodrelease.xcconfig"; path = "Target Support Files/Pods-MovieEnvoyUITests/Pods-MovieEnvoyUITests.prodrelease.xcconfig"; sourceTree = "<group>"; };
		9DA3C062C295BBD38F7059CE /* Pods-MovieEnvoy.devdebug.xcconfig */ = {isa = PBXFileReference; includeInIndex = 1; lastKnownFileType = text.xcconfig; name = "Pods-MovieEnvoy.devdebug.xcconfig"; path = "Target Support Files/Pods-MovieEnvoy/Pods-MovieEnvoy.devdebug.xcconfig"; sourceTree = "<group>"; };
		9E4996553701000581FBA5C2 /* Pods-MovieEnvoy.prodrelease.xcconfig */ = {isa = PBXFileReference; includeInIndex = 1; lastKnownFileType = text.xcconfig; name = "Pods-MovieEnvoy.prodrelease.xcconfig"; path = "Target Support Files/Pods-MovieEnvoy/Pods-MovieEnvoy.prodrelease.xcconfig"; sourceTree = "<group>"; };
		B83F2F124134E19D17038C8D /* Pods-MovieEnvoyTests.devdebug.xcconfig */ = {isa = PBXFileReference; includeInIndex = 1; lastKnownFileType = text.xcconfig; name = "Pods-MovieEnvoyTests.devdebug.xcconfig"; path = "Target Support Files/Pods-MovieEnvoyTests/Pods-MovieEnvoyTests.devdebug.xcconfig"; sourceTree = "<group>"; };
		C73CB115050B6082041083ED /* Pods-MovieEnvoyUITests.devdebug.xcconfig */ = {isa = PBXFileReference; includeInIndex = 1; lastKnownFileType = text.xcconfig; name = "Pods-MovieEnvoyUITests.devdebug.xcconfig"; path = "Target Support Files/Pods-MovieEnvoyUITests/Pods-MovieEnvoyUITests.devdebug.xcconfig"; sourceTree = "<group>"; };
		D1D23694F192E98E1028E625 /* Pods-MovieEnvoyTests.proddebug.xcconfig */ = {isa = PBXFileReference; includeInIndex = 1; lastKnownFileType = text.xcconfig; name = "Pods-MovieEnvoyTests.proddebug.xcconfig"; path = "Target Support Files/Pods-MovieEnvoyTests/Pods-MovieEnvoyTests.proddebug.xcconfig"; sourceTree = "<group>"; };
		D56EA388B7ACD6D7D87BB6F2 /* Pods-MovieEnvoy.proddebug.xcconfig */ = {isa = PBXFileReference; includeInIndex = 1; lastKnownFileType = text.xcconfig; name = "Pods-MovieEnvoy.proddebug.xcconfig"; path = "Target Support Files/Pods-MovieEnvoy/Pods-MovieEnvoy.proddebug.xcconfig"; sourceTree = "<group>"; };
		D6D8D62935E6A041BB1ADFA1 /* Pods-MovieEnvoyUITests.devrelease.xcconfig */ = {isa = PBXFileReference; includeInIndex = 1; lastKnownFileType = text.xcconfig; name = "Pods-MovieEnvoyUITests.devrelease.xcconfig"; path = "Target Support Files/Pods-MovieEnvoyUITests/Pods-MovieEnvoyUITests.devrelease.xcconfig"; sourceTree = "<group>"; };
		D76CE8669B22D9919A8F9EFA /* Pods-MovieEnvoyTests.devrelease.xcconfig */ = {isa = PBXFileReference; includeInIndex = 1; lastKnownFileType = text.xcconfig; name = "Pods-MovieEnvoyTests.devrelease.xcconfig"; path = "Target Support Files/Pods-MovieEnvoyTests/Pods-MovieEnvoyTests.devrelease.xcconfig"; sourceTree = "<group>"; };
		DA77E42AE1EF79FF75835DAC /* Pods-MovieEnvoyUITests.debug.xcconfig */ = {isa = PBXFileReference; includeInIndex = 1; lastKnownFileType = text.xcconfig; name = "Pods-MovieEnvoyUITests.debug.xcconfig"; path = "Target Support Files/Pods-MovieEnvoyUITests/Pods-MovieEnvoyUITests.debug.xcconfig"; sourceTree = "<group>"; };
		E0CE86D94D0BB477774259D1 /* Pods_MovieEnvoy.framework */ = {isa = PBXFileReference; explicitFileType = wrapper.framework; includeInIndex = 0; path = Pods_MovieEnvoy.framework; sourceTree = BUILT_PRODUCTS_DIR; };
		E61EE013DE6766469310797C /* Pods-MovieEnvoyUITests.release.xcconfig */ = {isa = PBXFileReference; includeInIndex = 1; lastKnownFileType = text.xcconfig; name = "Pods-MovieEnvoyUITests.release.xcconfig"; path = "Target Support Files/Pods-MovieEnvoyUITests/Pods-MovieEnvoyUITests.release.xcconfig"; sourceTree = "<group>"; };
/* End PBXFileReference section */

/* Begin PBXFrameworksBuildPhase section */
		634D282B2275F15F0076ACB9 /* Frameworks */ = {
			isa = PBXFrameworksBuildPhase;
			buildActionMask = 2147483647;
			files = (
				E1DCA4C496FA596FBB06B6EC /* Pods_MovieEnvoyTests.framework in Frameworks */,
			);
			runOnlyForDeploymentPostprocessing = 0;
		};
		63FF9D35219CBA9B00C3ADF6 /* Frameworks */ = {
			isa = PBXFrameworksBuildPhase;
			buildActionMask = 2147483647;
			files = (
				384760C976A1E18AD2358639 /* Pods_MovieEnvoy.framework in Frameworks */,
			);
			runOnlyForDeploymentPostprocessing = 0;
		};
		63FF9D56219CBA9D00C3ADF6 /* Frameworks */ = {
			isa = PBXFrameworksBuildPhase;
			buildActionMask = 2147483647;
			files = (
				C4AEFB7EDFC8F9B23A97050E /* Pods_MovieEnvoyUITests.framework in Frameworks */,
			);
			runOnlyForDeploymentPostprocessing = 0;
		};
/* End PBXFrameworksBuildPhase section */

/* Begin PBXGroup section */
		631679F8226BE486004180DC /* mainTabBar */ = {
			isa = PBXGroup;
			children = (
				631679F9226BE486004180DC /* MainTabbarController.swift */,
			);
			path = mainTabBar;
			sourceTree = "<group>";
		};
		63167A05226BEA43004180DC /* protocols */ = {
			isa = PBXGroup;
			children = (
				63C15A0C227630710006CA8B /* Nibable.swift */,
				63167A06226BEA5C004180DC /* Storyboardable.swift */,
				6352656F2299C4F400276C04 /* TableViewCellProvider.swift */,
			);
			path = protocols;
			sourceTree = "<group>";
		};
		63374B60219CCA3F008214F4 /* topRated */ = {
			isa = PBXGroup;
			children = (
				63374B73219CCC1B008214F4 /* TopRatedViewController.storyboard */,
				63374B75219CCC2B008214F4 /* TopRatedViewController.swift */,
			);
			path = topRated;
			sourceTree = "<group>";
		};
		63374B77219CCF38008214F4 /* tableViewCells */ = {
			isa = PBXGroup;
			children = (
				6384C0B7227624A8004EEA3E /* movieDetail */,
				63374B78219CCF56008214F4 /* shared */,
			);
			path = tableViewCells;
			sourceTree = "<group>";
		};
		63374B78219CCF56008214F4 /* shared */ = {
			isa = PBXGroup;
			children = (
				63374B79219CCFC5008214F4 /* MovieInfoTableViewCell.swift */,
				63374B7A219CCFC5008214F4 /* MovieInfoTableViewCell.xib */,
			);
			path = shared;
			sourceTree = "<group>";
		};
		63374B7F219CDD2A008214F4 /* data */ = {
			isa = PBXGroup;
			children = (
				63374B80219CDD33008214F4 /* models */,
			);
			path = data;
			sourceTree = "<group>";
		};
		63374B80219CDD33008214F4 /* models */ = {
			isa = PBXGroup;
			children = (
				634D2807227539750076ACB9 /* MovieCollection.swift */,
				631F96D8229587CD00B8FEBA /* MovieDBConfig.swift */,
				634D280122752EC40076ACB9 /* MovieDetail.swift */,
				634D2805227538FA0076ACB9 /* MovieGenre.swift */,
				63374B89219CFFA7008214F4 /* MovieSummary.swift */,
				634D280922753BA70076ACB9 /* ProductionCompany.swift */,
				634D280B22753C680076ACB9 /* ProductionCountries.swift */,
				634D280D22753D4B0076ACB9 /* SpokenLanguage.swift */,
			);
			path = models;
			sourceTree = "<group>";
		};
		63374B8B219D215F008214F4 /* common */ = {
			isa = PBXGroup;
			children = (
				63C15A14227649BF0006CA8B /* MovieDetailViewController.storyboard */,
				63C15A10227649670006CA8B /* MovieDetailViewController.swift */,
				63374B8C219D2189008214F4 /* MovieEnvoyViewController.swift */,
			);
			path = common;
			sourceTree = "<group>";
		};
		634D282F2275F15F0076ACB9 /* MovieEnvoyTests */ = {
			isa = PBXGroup;
			children = (
				634D28302275F15F0076ACB9 /* MovieEnvoyTests.swift */,
				634D28322275F15F0076ACB9 /* Info.plist */,
			);
			path = MovieEnvoyTests;
			sourceTree = "<group>";
		};
		6352656C2299BAE200276C04 /* transitions */ = {
			isa = PBXGroup;
			children = (
				6352656D2299BB1A00276C04 /* CellToDetailTransition.swift */,
			);
			path = transitions;
			sourceTree = "<group>";
		};
		63606DA82263FB6600CA02C4 /* viewModels */ = {
			isa = PBXGroup;
			children = (
				63606DA92263FB8600CA02C4 /* MovieViewModel.swift */,
				634D280F2275EC4B0076ACB9 /* MovieDetailViewModel.swift */,
			);
			path = viewModels;
			sourceTree = "<group>";
		};
		6374F2F4225F6FC5006987E5 /* Extensions */ = {
			isa = PBXGroup;
			children = (
				632430D7226CDC7D00545DDB /* Collection+Extension.swift */,
				6374F308225F7C24006987E5 /* Stdlib+Extension.swift */,
				63C15A0E227640690006CA8B /* UIImage+Extension.swift */,
				63D92327227732D20020A6EF /* UIImageView+Extension.swift */,
				6374F2F7225F7016006987E5 /* UIView+Extension.swift */,
				634D27FD2275290F0076ACB9 /* UIViewController+Extension.swift */,
			);
			path = Extensions;
			sourceTree = "<group>";
		};
		6374F2FB225F7639006987E5 /* networking */ = {
			isa = PBXGroup;
			children = (
				6374F300225F76AD006987E5 /* APIEndpoint.swift */,
				6374F302225F77B6006987E5 /* APIError.swift */,
				6374F304225F789C006987E5 /* APIService.swift */,
				6374F306225F78EC006987E5 /* APIServiceContext.swift */,
				631F96E22295934F00B8FEBA /* MovieDBContext.swift */,
				6374F2FC225F7649006987E5 /* protocols */,
				6374F2FD225F7651006987E5 /* responseModels */,
				6374F2FE225F7673006987E5 /* routers */,
				6374F2FF225F767F006987E5 /* service */,
			);
			path = networking;
			sourceTree = "<group>";
		};
		6374F2FC225F7649006987E5 /* protocols */ = {
			isa = PBXGroup;
			children = (
				631F96DA22958ACF00B8FEBA /* ConfigurationService.swift */,
				6374F30A225F7EF9006987E5 /* MovieService.swift */,
			);
			path = protocols;
			sourceTree = "<group>";
		};
		6374F2FD225F7651006987E5 /* responseModels */ = {
			isa = PBXGroup;
			children = (
				631F96DC22958C2600B8FEBA /* GetMovieDBConfigResponseModel.swift */,
				634D28032275300E0076ACB9 /* GetMovieDetailResponse.swift */,
				63A9D291225F8F7300BA2F3E /* GetMoviesResponseModel.swift */,
				63606DA62263F87700CA02C4 /* GetPopularMovieResponseModel.swift */,
				63606DAB2264D74500CA02C4 /* GetTopRatedMoviesResponseModel.swift */,
			);
			path = responseModels;
			sourceTree = "<group>";
		};
		6374F2FE225F7673006987E5 /* routers */ = {
			isa = PBXGroup;
			children = (
				631F96DE22958D5800B8FEBA /* ConfigurationRouter.swift */,
				63A9D28D225F8AAA00BA2F3E /* EndpointRouter.swift */,
				63A9D28B225F8A8C00BA2F3E /* MovieRouter.swift */,
			);
			path = routers;
			sourceTree = "<group>";
		};
		6374F2FF225F767F006987E5 /* service */ = {
			isa = PBXGroup;
			children = (
				631F96E022958EC500B8FEBA /* APIConfigurationService.swift */,
				63A9D28F225F8DCF00BA2F3E /* APIMovieService.swift */,
			);
			path = service;
			sourceTree = "<group>";
		};
		6384C0B7227624A8004EEA3E /* movieDetail */ = {
			isa = PBXGroup;
			children = (
				6384C0B822762537004EEA3E /* MovieDetailHeaderView.swift */,
				6384C0BA227625C3004EEA3E /* MovieDetailHeaderView.xib */,
			);
			path = movieDetail;
			sourceTree = "<group>";
		};
		63B9A32E22623F05000C3584 /* config */ = {
			isa = PBXGroup;
			children = (
				63B9A32F22623F39000C3584 /* all.xcconfig */,
				63375C6E22638CFF00451CE1 /* development.xcconfig */,
				63375C7022638EFC00451CE1 /* generator.xcconfig */,
				63375C71226395B000451CE1 /* MovieEnvoy-Bridging-Header.h */,
				63375C6F22638E9E00451CE1 /* production.xcconfig */,
			);
			path = config;
			sourceTree = "<group>";
		};
		63E5B0692268BD95009111DE /* coordinators */ = {
			isa = PBXGroup;
			children = (
				63E5B0A62268BE17009111DE /* Coordinator.swift */,
				63167A03226BE6E7004180DC /* MainTabBarCoordinator.swift */,
				632430D3226CD61A00545DDB /* MovieDeatilCoordinator.swift */,
				631679FB226BE52F004180DC /* NowPlayingCoordinator.swift */,
				631679FD226BE54B004180DC /* PopularMoviesCoordinator.swift */,
				631679FF226BE55E004180DC /* TopRatedCoordinator.swift */,
				63167A01226BE587004180DC /* UpcomingMoviesCoordinator.swift */,
			);
			path = coordinators;
			sourceTree = "<group>";
		};
		63FF9D2F219CBA9B00C3ADF6 = {
			isa = PBXGroup;
			children = (
				63374B7D219CDAAB008214F4 /* README.md */,
				63FF9D3A219CBA9B00C3ADF6 /* MovieEnvoy */,
				63FF9D51219CBA9D00C3ADF6 /* MovieEnvoyTests */,
				63FF9D5C219CBA9D00C3ADF6 /* MovieEnvoyUITests */,
				634D282F2275F15F0076ACB9 /* MovieEnvoyTests */,
				63FF9D39219CBA9B00C3ADF6 /* Products */,
				92AFA64F72FF2DCD18CD3F51 /* Pods */,
				D0F0252AF288888D2E84DB58 /* Frameworks */,
			);
			sourceTree = "<group>";
		};
		63FF9D39219CBA9B00C3ADF6 /* Products */ = {
			isa = PBXGroup;
			children = (
				63FF9D38219CBA9B00C3ADF6 /* MovieEnvoy.app */,
				63FF9D59219CBA9D00C3ADF6 /* MovieEnvoyUITests.xctest */,
				634D282E2275F15F0076ACB9 /* MovieEnvoyTests.xctest */,
			);
			name = Products;
			sourceTree = "<group>";
		};
		63FF9D3A219CBA9B00C3ADF6 /* MovieEnvoy */ = {
			isa = PBXGroup;
			children = (
				63B9A32E22623F05000C3584 /* config */,
				63FF9D77219CBBD800C3ADF6 /* resources */,
				63FF9D6D219CBBBB00C3ADF6 /* src */,
				63FF9D78219CBCCF00C3ADF6 /* support files */,
			);
			path = MovieEnvoy;
			sourceTree = "<group>";
		};
		63FF9D51219CBA9D00C3ADF6 /* MovieEnvoyTests */ = {
			isa = PBXGroup;
			children = (
				63FF9D52219CBA9D00C3ADF6 /* MovieEnvoyTests.swift */,
				63FF9D54219CBA9D00C3ADF6 /* Info.plist */,
			);
			path = MovieEnvoyTests;
			sourceTree = "<group>";
		};
		63FF9D5C219CBA9D00C3ADF6 /* MovieEnvoyUITests */ = {
			isa = PBXGroup;
			children = (
				63FF9D5D219CBA9D00C3ADF6 /* MovieEnvoyUITests.swift */,
				63FF9D5F219CBA9D00C3ADF6 /* Info.plist */,
			);
			path = MovieEnvoyUITests;
			sourceTree = "<group>";
		};
		63FF9D6D219CBBBB00C3ADF6 /* src */ = {
			isa = PBXGroup;
			children = (
				63FF9D74219CBBBB00C3ADF6 /* app */,
				63E5B0692268BD95009111DE /* coordinators */,
				63374B7F219CDD2A008214F4 /* data */,
				6374F2F4225F6FC5006987E5 /* Extensions */,
				6374F2FB225F7639006987E5 /* networking */,
				63167A05226BEA43004180DC /* protocols */,
				6352656C2299BAE200276C04 /* transitions */,
				63FF9D6E219CBBBB00C3ADF6 /* ui */,
				63606DA82263FB6600CA02C4 /* viewModels */,
			);
			path = src;
			sourceTree = "<group>";
		};
		63FF9D6E219CBBBB00C3ADF6 /* ui */ = {
			isa = PBXGroup;
			children = (
				63FF9D6F219CBBBB00C3ADF6 /* flow */,
				63374B77219CCF38008214F4 /* tableViewCells */,
			);
			path = ui;
			sourceTree = "<group>";
		};
		63FF9D6F219CBBBB00C3ADF6 /* flow */ = {
			isa = PBXGroup;
			children = (
				63FF9D72219CBBBB00C3ADF6 /* comingsoon */,
				63374B8B219D215F008214F4 /* common */,
				631679F8226BE486004180DC /* mainTabBar */,
				63FF9D70219CBBBB00C3ADF6 /* nowPlaying */,
				63FF9D71219CBBBB00C3ADF6 /* popular */,
				63374B60219CCA3F008214F4 /* topRated */,
			);
			path = flow;
			sourceTree = "<group>";
		};
		63FF9D70219CBBBB00C3ADF6 /* nowPlaying */ = {
			isa = PBXGroup;
			children = (
				63374B67219CCB7A008214F4 /* NowPlayingViewController.swift */,
				63374B69219CCB87008214F4 /* NowPlayingViewController.storyboard */,
			);
			path = nowPlaying;
			sourceTree = "<group>";
		};
		63FF9D71219CBBBB00C3ADF6 /* popular */ = {
			isa = PBXGroup;
			children = (
				63374B6F219CCBFA008214F4 /* PopularViewController.swift */,
				63374B71219CCC09008214F4 /* PopularViewController.storyboard */,
			);
			path = popular;
			sourceTree = "<group>";
		};
		63FF9D72219CBBBB00C3ADF6 /* comingsoon */ = {
			isa = PBXGroup;
			children = (
				63374B6B219CCBA6008214F4 /* ComingSoonViewController.swift */,
				63374B6D219CCBB3008214F4 /* ComingSoonViewController.storyboard */,
			);
			path = comingsoon;
			sourceTree = "<group>";
		};
		63FF9D74219CBBBB00C3ADF6 /* app */ = {
			isa = PBXGroup;
			children = (
				63FF9D75219CBBBB00C3ADF6 /* AppDelegate.swift */,
			);
			path = app;
			sourceTree = "<group>";
		};
		63FF9D77219CBBD800C3ADF6 /* resources */ = {
			isa = PBXGroup;
			children = (
				63FF9D44219CBA9C00C3ADF6 /* Assets.xcassets */,
			);
			name = resources;
			sourceTree = "<group>";
		};
		63FF9D78219CBCCF00C3ADF6 /* support files */ = {
			isa = PBXGroup;
			children = (
				63FF9D46219CBA9C00C3ADF6 /* LaunchScreen.storyboard */,
				63FF9D49219CBA9C00C3ADF6 /* Info.plist */,
			);
			name = "support files";
			sourceTree = "<group>";
		};
		92AFA64F72FF2DCD18CD3F51 /* Pods */ = {
			isa = PBXGroup;
			children = (
				397BDDAC96A4228804751EEE /* Pods-MovieEnvoy.debug.xcconfig */,
				29BA6A5C19E68DFEEA49A846 /* Pods-MovieEnvoy.release.xcconfig */,
				1F11BD07E9C630B4873A5FB7 /* Pods-MovieEnvoyTests.debug.xcconfig */,
				65DCEF71F551179EBAD847F4 /* Pods-MovieEnvoyTests.release.xcconfig */,
				DA77E42AE1EF79FF75835DAC /* Pods-MovieEnvoyUITests.debug.xcconfig */,
				E61EE013DE6766469310797C /* Pods-MovieEnvoyUITests.release.xcconfig */,
				D56EA388B7ACD6D7D87BB6F2 /* Pods-MovieEnvoy.proddebug.xcconfig */,
				9DA3C062C295BBD38F7059CE /* Pods-MovieEnvoy.devdebug.xcconfig */,
				0C9E28ACE5A0ACDDB1F0B465 /* Pods-MovieEnvoy.devrelease.xcconfig */,
				9E4996553701000581FBA5C2 /* Pods-MovieEnvoy.prodrelease.xcconfig */,
				D1D23694F192E98E1028E625 /* Pods-MovieEnvoyTests.proddebug.xcconfig */,
				B83F2F124134E19D17038C8D /* Pods-MovieEnvoyTests.devdebug.xcconfig */,
				D76CE8669B22D9919A8F9EFA /* Pods-MovieEnvoyTests.devrelease.xcconfig */,
				2A2AD08751CABC48F7C41C4D /* Pods-MovieEnvoyTests.prodrelease.xcconfig */,
				1741700A0B62D60CDB3A24B2 /* Pods-MovieEnvoyUITests.proddebug.xcconfig */,
				C73CB115050B6082041083ED /* Pods-MovieEnvoyUITests.devdebug.xcconfig */,
				D6D8D62935E6A041BB1ADFA1 /* Pods-MovieEnvoyUITests.devrelease.xcconfig */,
				6DF30E07D928636748980034 /* Pods-MovieEnvoyUITests.prodrelease.xcconfig */,
			);
			path = Pods;
			sourceTree = "<group>";
		};
		D0F0252AF288888D2E84DB58 /* Frameworks */ = {
			isa = PBXGroup;
			children = (
				E0CE86D94D0BB477774259D1 /* Pods_MovieEnvoy.framework */,
				2077E16D0AC85B36B30376FB /* Pods_MovieEnvoyTests.framework */,
				46652958327B9AEF130413B5 /* Pods_MovieEnvoyUITests.framework */,
			);
			name = Frameworks;
			sourceTree = "<group>";
		};
/* End PBXGroup section */

/* Begin PBXNativeTarget section */
		634D282D2275F15F0076ACB9 /* MovieEnvoyTests */ = {
			isa = PBXNativeTarget;
			buildConfigurationList = 634D28352275F15F0076ACB9 /* Build configuration list for PBXNativeTarget "MovieEnvoyTests" */;
			buildPhases = (
				9450A9ABB44C83B056E1C882 /* [CP] Check Pods Manifest.lock */,
				634D282A2275F15F0076ACB9 /* Sources */,
				634D282B2275F15F0076ACB9 /* Frameworks */,
				634D282C2275F15F0076ACB9 /* Resources */,
				594038BEF89F57D3A7D2F3F5 /* [CP] Embed Pods Frameworks */,
			);
			buildRules = (
			);
			dependencies = (
				634D28342275F15F0076ACB9 /* PBXTargetDependency */,
			);
			name = MovieEnvoyTests;
			productName = MovieEnvoyTests;
			productReference = 634D282E2275F15F0076ACB9 /* MovieEnvoyTests.xctest */;
			productType = "com.apple.product-type.bundle.unit-test";
		};
		63FF9D37219CBA9B00C3ADF6 /* MovieEnvoy */ = {
			isa = PBXNativeTarget;
			buildConfigurationList = 63FF9D62219CBA9D00C3ADF6 /* Build configuration list for PBXNativeTarget "MovieEnvoy" */;
			buildPhases = (
				DA15B3EE9DFD4570EA624D42 /* [CP] Check Pods Manifest.lock */,
				63FF9D34219CBA9B00C3ADF6 /* Sources */,
				63FF9D35219CBA9B00C3ADF6 /* Frameworks */,
				63FF9D36219CBA9B00C3ADF6 /* Resources */,
				2FE2E07A196CB7886F253E59 /* [CP] Embed Pods Frameworks */,
				63B9A32D226236B0000C3584 /* SwiftLine */,
			);
			buildRules = (
			);
			dependencies = (
			);
			name = MovieEnvoy;
			productName = MovieEnvoy;
			productReference = 63FF9D38219CBA9B00C3ADF6 /* MovieEnvoy.app */;
			productType = "com.apple.product-type.application";
		};
		63FF9D58219CBA9D00C3ADF6 /* MovieEnvoyUITests */ = {
			isa = PBXNativeTarget;
			buildConfigurationList = 63FF9D68219CBA9D00C3ADF6 /* Build configuration list for PBXNativeTarget "MovieEnvoyUITests" */;
			buildPhases = (
				9EE90BFB4CF48596FEFEE9D6 /* [CP] Check Pods Manifest.lock */,
				63FF9D55219CBA9D00C3ADF6 /* Sources */,
				63FF9D56219CBA9D00C3ADF6 /* Frameworks */,
				63FF9D57219CBA9D00C3ADF6 /* Resources */,
			);
			buildRules = (
			);
			dependencies = (
				63FF9D5B219CBA9D00C3ADF6 /* PBXTargetDependency */,
			);
			name = MovieEnvoyUITests;
			productName = MovieEnvoyUITests;
			productReference = 63FF9D59219CBA9D00C3ADF6 /* MovieEnvoyUITests.xctest */;
			productType = "com.apple.product-type.bundle.ui-testing";
		};
/* End PBXNativeTarget section */

/* Begin PBXProject section */
		63FF9D30219CBA9B00C3ADF6 /* Project object */ = {
			isa = PBXProject;
			attributes = {
				LastSwiftUpdateCheck = 1020;
				LastUpgradeCheck = 1010;
				ORGANIZATIONNAME = "Edens R&D";
				TargetAttributes = {
					634D282D2275F15F0076ACB9 = {
						CreatedOnToolsVersion = 10.2.1;
						TestTargetID = 63FF9D37219CBA9B00C3ADF6;
					};
					63FF9D37219CBA9B00C3ADF6 = {
						CreatedOnToolsVersion = 10.1;
					};
					63FF9D58219CBA9D00C3ADF6 = {
						CreatedOnToolsVersion = 10.1;
						LastSwiftMigration = 1020;
						TestTargetID = 63FF9D37219CBA9B00C3ADF6;
					};
				};
			};
			buildConfigurationList = 63FF9D33219CBA9B00C3ADF6 /* Build configuration list for PBXProject "MovieEnvoy" */;
			compatibilityVersion = "Xcode 9.3";
			developmentRegion = en;
			hasScannedForEncodings = 0;
			knownRegions = (
				en,
				Base,
			);
			mainGroup = 63FF9D2F219CBA9B00C3ADF6;
			productRefGroup = 63FF9D39219CBA9B00C3ADF6 /* Products */;
			projectDirPath = "";
			projectRoot = "";
			targets = (
				63FF9D37219CBA9B00C3ADF6 /* MovieEnvoy */,
				634D282D2275F15F0076ACB9 /* MovieEnvoyTests */,
				63FF9D58219CBA9D00C3ADF6 /* MovieEnvoyUITests */,
			);
		};
/* End PBXProject section */

/* Begin PBXResourcesBuildPhase section */
		634D282C2275F15F0076ACB9 /* Resources */ = {
			isa = PBXResourcesBuildPhase;
			buildActionMask = 2147483647;
			files = (
			);
			runOnlyForDeploymentPostprocessing = 0;
		};
		63FF9D36219CBA9B00C3ADF6 /* Resources */ = {
			isa = PBXResourcesBuildPhase;
			buildActionMask = 2147483647;
			files = (
				63C15A15227649BF0006CA8B /* MovieDetailViewController.storyboard in Resources */,
				63374B72219CCC09008214F4 /* PopularViewController.storyboard in Resources */,
				63374B6A219CCB87008214F4 /* NowPlayingViewController.storyboard in Resources */,
				63374B7C219CCFC5008214F4 /* MovieInfoTableViewCell.xib in Resources */,
				63374B6E219CCBB3008214F4 /* ComingSoonViewController.storyboard in Resources */,
				6384C0BB227625C3004EEA3E /* MovieDetailHeaderView.xib in Resources */,
				63374B74219CCC1B008214F4 /* TopRatedViewController.storyboard in Resources */,
				63FF9D48219CBA9C00C3ADF6 /* LaunchScreen.storyboard in Resources */,
				63FF9D45219CBA9C00C3ADF6 /* Assets.xcassets in Resources */,
			);
			runOnlyForDeploymentPostprocessing = 0;
		};
		63FF9D57219CBA9D00C3ADF6 /* Resources */ = {
			isa = PBXResourcesBuildPhase;
			buildActionMask = 2147483647;
			files = (
			);
			runOnlyForDeploymentPostprocessing = 0;
		};
/* End PBXResourcesBuildPhase section */

/* Begin PBXShellScriptBuildPhase section */
		2FE2E07A196CB7886F253E59 /* [CP] Embed Pods Frameworks */ = {
			isa = PBXShellScriptBuildPhase;
			buildActionMask = 2147483647;
			files = (
			);
			inputFileListPaths = (
			);
			inputPaths = (
				"${PODS_ROOT}/Target Support Files/Pods-MovieEnvoy/Pods-MovieEnvoy-frameworks.sh",
				"${BUILT_PRODUCTS_DIR}/Alamofire/Alamofire.framework",
				"${BUILT_PRODUCTS_DIR}/AlamofireImage/AlamofireImage.framework",
				"${BUILT_PRODUCTS_DIR}/Kingfisher/Kingfisher.framework",
				"${BUILT_PRODUCTS_DIR}/PromiseKit/PromiseKit.framework",
			);
			name = "[CP] Embed Pods Frameworks";
			outputFileListPaths = (
			);
			outputPaths = (
				"${TARGET_BUILD_DIR}/${FRAMEWORKS_FOLDER_PATH}/Alamofire.framework",
				"${TARGET_BUILD_DIR}/${FRAMEWORKS_FOLDER_PATH}/AlamofireImage.framework",
				"${TARGET_BUILD_DIR}/${FRAMEWORKS_FOLDER_PATH}/Kingfisher.framework",
				"${TARGET_BUILD_DIR}/${FRAMEWORKS_FOLDER_PATH}/PromiseKit.framework",
			);
			runOnlyForDeploymentPostprocessing = 0;
			shellPath = /bin/sh;
			shellScript = "\"${PODS_ROOT}/Target Support Files/Pods-MovieEnvoy/Pods-MovieEnvoy-frameworks.sh\"\n";
			showEnvVarsInLog = 0;
		};
		594038BEF89F57D3A7D2F3F5 /* [CP] Embed Pods Frameworks */ = {
			isa = PBXShellScriptBuildPhase;
			buildActionMask = 2147483647;
			files = (
			);
			inputFileListPaths = (
			);
			inputPaths = (
				"${PODS_ROOT}/Target Support Files/Pods-MovieEnvoyTests/Pods-MovieEnvoyTests-frameworks.sh",
				"${BUILT_PRODUCTS_DIR}/Alamofire/Alamofire.framework",
				"${BUILT_PRODUCTS_DIR}/AlamofireImage/AlamofireImage.framework",
				"${BUILT_PRODUCTS_DIR}/PromiseKit/PromiseKit.framework",
			);
			name = "[CP] Embed Pods Frameworks";
			outputFileListPaths = (
			);
			outputPaths = (
				"${TARGET_BUILD_DIR}/${FRAMEWORKS_FOLDER_PATH}/Alamofire.framework",
				"${TARGET_BUILD_DIR}/${FRAMEWORKS_FOLDER_PATH}/AlamofireImage.framework",
				"${TARGET_BUILD_DIR}/${FRAMEWORKS_FOLDER_PATH}/PromiseKit.framework",
			);
			runOnlyForDeploymentPostprocessing = 0;
			shellPath = /bin/sh;
			shellScript = "\"${PODS_ROOT}/Target Support Files/Pods-MovieEnvoyTests/Pods-MovieEnvoyTests-frameworks.sh\"\n";
			showEnvVarsInLog = 0;
		};
		63B9A32D226236B0000C3584 /* SwiftLine */ = {
			isa = PBXShellScriptBuildPhase;
			buildActionMask = 8;
			files = (
			);
			inputFileListPaths = (
			);
			inputPaths = (
			);
			name = SwiftLine;
			outputFileListPaths = (
			);
			outputPaths = (
			);
			runOnlyForDeploymentPostprocessing = 1;
			shellPath = /bin/sh;
			shellScript = "if which swiftlint >/dev/null; then \n    swiftlint\nelse \n    echo \"warning: SwiftLint is not installed.  brew install swiftlint\"\nfi\n";
		};
		9450A9ABB44C83B056E1C882 /* [CP] Check Pods Manifest.lock */ = {
			isa = PBXShellScriptBuildPhase;
			buildActionMask = 2147483647;
			files = (
			);
			inputFileListPaths = (
			);
			inputPaths = (
				"${PODS_PODFILE_DIR_PATH}/Podfile.lock",
				"${PODS_ROOT}/Manifest.lock",
			);
			name = "[CP] Check Pods Manifest.lock";
			outputFileListPaths = (
			);
			outputPaths = (
				"$(DERIVED_FILE_DIR)/Pods-MovieEnvoyTests-checkManifestLockResult.txt",
			);
			runOnlyForDeploymentPostprocessing = 0;
			shellPath = /bin/sh;
			shellScript = "diff \"${PODS_PODFILE_DIR_PATH}/Podfile.lock\" \"${PODS_ROOT}/Manifest.lock\" > /dev/null\nif [ $? != 0 ] ; then\n    # print error to STDERR\n    echo \"error: The sandbox is not in sync with the Podfile.lock. Run 'pod install' or update your CocoaPods installation.\" >&2\n    exit 1\nfi\n# This output is used by Xcode 'outputs' to avoid re-running this script phase.\necho \"SUCCESS\" > \"${SCRIPT_OUTPUT_FILE_0}\"\n";
			showEnvVarsInLog = 0;
		};
		9EE90BFB4CF48596FEFEE9D6 /* [CP] Check Pods Manifest.lock */ = {
			isa = PBXShellScriptBuildPhase;
			buildActionMask = 2147483647;
			files = (
			);
			inputFileListPaths = (
			);
			inputPaths = (
				"${PODS_PODFILE_DIR_PATH}/Podfile.lock",
				"${PODS_ROOT}/Manifest.lock",
			);
			name = "[CP] Check Pods Manifest.lock";
			outputFileListPaths = (
			);
			outputPaths = (
				"$(DERIVED_FILE_DIR)/Pods-MovieEnvoyUITests-checkManifestLockResult.txt",
			);
			runOnlyForDeploymentPostprocessing = 0;
			shellPath = /bin/sh;
			shellScript = "diff \"${PODS_PODFILE_DIR_PATH}/Podfile.lock\" \"${PODS_ROOT}/Manifest.lock\" > /dev/null\nif [ $? != 0 ] ; then\n    # print error to STDERR\n    echo \"error: The sandbox is not in sync with the Podfile.lock. Run 'pod install' or update your CocoaPods installation.\" >&2\n    exit 1\nfi\n# This output is used by Xcode 'outputs' to avoid re-running this script phase.\necho \"SUCCESS\" > \"${SCRIPT_OUTPUT_FILE_0}\"\n";
			showEnvVarsInLog = 0;
		};
		DA15B3EE9DFD4570EA624D42 /* [CP] Check Pods Manifest.lock */ = {
			isa = PBXShellScriptBuildPhase;
			buildActionMask = 2147483647;
			files = (
			);
			inputFileListPaths = (
			);
			inputPaths = (
				"${PODS_PODFILE_DIR_PATH}/Podfile.lock",
				"${PODS_ROOT}/Manifest.lock",
			);
			name = "[CP] Check Pods Manifest.lock";
			outputFileListPaths = (
			);
			outputPaths = (
				"$(DERIVED_FILE_DIR)/Pods-MovieEnvoy-checkManifestLockResult.txt",
			);
			runOnlyForDeploymentPostprocessing = 0;
			shellPath = /bin/sh;
			shellScript = "diff \"${PODS_PODFILE_DIR_PATH}/Podfile.lock\" \"${PODS_ROOT}/Manifest.lock\" > /dev/null\nif [ $? != 0 ] ; then\n    # print error to STDERR\n    echo \"error: The sandbox is not in sync with the Podfile.lock. Run 'pod install' or update your CocoaPods installation.\" >&2\n    exit 1\nfi\n# This output is used by Xcode 'outputs' to avoid re-running this script phase.\necho \"SUCCESS\" > \"${SCRIPT_OUTPUT_FILE_0}\"\n";
			showEnvVarsInLog = 0;
		};
/* End PBXShellScriptBuildPhase section */

/* Begin PBXSourcesBuildPhase section */
		634D282A2275F15F0076ACB9 /* Sources */ = {
			isa = PBXSourcesBuildPhase;
			buildActionMask = 2147483647;
			files = (
				634D284D2275FA800076ACB9 /* ProductionCountries.swift in Sources */,
				634D28422275FA730076ACB9 /* GetPopularMovieResponseModel.swift in Sources */,
				634D28412275FA730076ACB9 /* GetMoviesResponseModel.swift in Sources */,
				634D284B2275FA800076ACB9 /* MovieSummary.swift in Sources */,
				634D28432275FA730076ACB9 /* GetTopRatedMoviesResponseModel.swift in Sources */,
				634D284F2275FA8C0076ACB9 /* MovieViewModel.swift in Sources */,
				634D28502275FA8C0076ACB9 /* MovieDetailViewModel.swift in Sources */,
				634D2857227603080076ACB9 /* APIService.swift in Sources */,
				634D28402275FA730076ACB9 /* MovieService.swift in Sources */,
				634D28512275FF050076ACB9 /* Stdlib+Extension.swift in Sources */,
				634D28472275FA730076ACB9 /* APIMovieService.swift in Sources */,
				634D284E2275FA800076ACB9 /* SpokenLanguage.swift in Sources */,
				634D28312275F15F0076ACB9 /* MovieEnvoyTests.swift in Sources */,
				634D28482275FA800076ACB9 /* MovieCollection.swift in Sources */,
				634D28462275FA730076ACB9 /* EndpointRouter.swift in Sources */,
				634D2854227600830076ACB9 /* UIViewController+Extension.swift in Sources */,
				634D283C2275FA630076ACB9 /* APIEndpoint.swift in Sources */,
				634D283F2275FA630076ACB9 /* APIServiceContext.swift in Sources */,
				634D28442275FA730076ACB9 /* GetMovieDetailResponse.swift in Sources */,
				634D284A2275FA800076ACB9 /* MovieGenre.swift in Sources */,
				634D28492275FA800076ACB9 /* MovieDetail.swift in Sources */,
				634D28452275FA730076ACB9 /* MovieRouter.swift in Sources */,
				634D284C2275FA800076ACB9 /* ProductionCompany.swift in Sources */,
				634D28522276001A0076ACB9 /* MovieInfoTableViewCell.swift in Sources */,
				634D28532276007F0076ACB9 /* UIView+Extension.swift in Sources */,
				634D2855227600870076ACB9 /* Collection+Extension.swift in Sources */,
				634D283D2275FA630076ACB9 /* APIError.swift in Sources */,
			);
			runOnlyForDeploymentPostprocessing = 0;
		};
		63FF9D34219CBA9B00C3ADF6 /* Sources */ = {
			isa = PBXSourcesBuildPhase;
			buildActionMask = 2147483647;
			files = (
				634D280E22753D4B0076ACB9 /* SpokenLanguage.swift in Sources */,
				631679FC226BE52F004180DC /* NowPlayingCoordinator.swift in Sources */,
				631679FE226BE54B004180DC /* PopularMoviesCoordinator.swift in Sources */,
				63374B70219CCBFA008214F4 /* PopularViewController.swift in Sources */,
				63D92328227732D20020A6EF /* UIImageView+Extension.swift in Sources */,
				63167A00226BE55E004180DC /* TopRatedCoordinator.swift in Sources */,
				631F96DD22958C2600B8FEBA /* GetMovieDBConfigResponseModel.swift in Sources */,
				634D27FE2275290F0076ACB9 /* UIViewController+Extension.swift in Sources */,
				635265702299C4F400276C04 /* TableViewCellProvider.swift in Sources */,
				6374F305225F789C006987E5 /* APIService.swift in Sources */,
				6374F307225F78EC006987E5 /* APIServiceContext.swift in Sources */,
				631F96E32295934F00B8FEBA /* MovieDBContext.swift in Sources */,
				63A9D28C225F8A8C00BA2F3E /* MovieRouter.swift in Sources */,
				631679FA226BE486004180DC /* MainTabbarController.swift in Sources */,
				63374B68219CCB7A008214F4 /* NowPlayingViewController.swift in Sources */,
				63C15A0F227640690006CA8B /* UIImage+Extension.swift in Sources */,
				631F96E122958EC500B8FEBA /* APIConfigurationService.swift in Sources */,
				6384C0B922762537004EEA3E /* MovieDetailHeaderView.swift in Sources */,
				6374F30B225F7EF9006987E5 /* MovieService.swift in Sources */,
				63167A07226BEA5C004180DC /* Storyboardable.swift in Sources */,
				634D280A22753BA70076ACB9 /* ProductionCompany.swift in Sources */,
				63C15A12227649670006CA8B /* MovieDetailViewController.swift in Sources */,
				63374B8A219CFFA7008214F4 /* MovieSummary.swift in Sources */,
				634D2806227538FA0076ACB9 /* MovieGenre.swift in Sources */,
				63E5B0A72268BE17009111DE /* Coordinator.swift in Sources */,
				632430D4226CD61A00545DDB /* MovieDeatilCoordinator.swift in Sources */,
				6374F309225F7C24006987E5 /* Stdlib+Extension.swift in Sources */,
				6374F301225F76AD006987E5 /* APIEndpoint.swift in Sources */,
				63167A04226BE6E8004180DC /* MainTabBarCoordinator.swift in Sources */,
				63A9D290225F8DCF00BA2F3E /* APIMovieService.swift in Sources */,
				63606DA72263F87700CA02C4 /* GetPopularMovieResponseModel.swift in Sources */,
				634D280C22753C680076ACB9 /* ProductionCountries.swift in Sources */,
				63606DAC2264D74500CA02C4 /* GetTopRatedMoviesResponseModel.swift in Sources */,
				634D28102275EC4B0076ACB9 /* MovieDetailViewModel.swift in Sources */,
				634D280222752EC40076ACB9 /* MovieDetail.swift in Sources */,
				6352656E2299BB1A00276C04 /* CellToDetailTransition.swift in Sources */,
				63374B6C219CCBA6008214F4 /* ComingSoonViewController.swift in Sources */,
				632430D8226CDC7D00545DDB /* Collection+Extension.swift in Sources */,
				6374F2F8225F7016006987E5 /* UIView+Extension.swift in Sources */,
				631F96DF22958D5800B8FEBA /* ConfigurationRouter.swift in Sources */,
				631F96D9229587CD00B8FEBA /* MovieDBConfig.swift in Sources */,
				63374B8D219D2189008214F4 /* MovieEnvoyViewController.swift in Sources */,
				63FF9D76219CBBBB00C3ADF6 /* AppDelegate.swift in Sources */,
				63374B7B219CCFC5008214F4 /* MovieInfoTableViewCell.swift in Sources */,
				634D28042275300E0076ACB9 /* GetMovieDetailResponse.swift in Sources */,
				63374B76219CCC2B008214F4 /* TopRatedViewController.swift in Sources */,
				63C15A0D227630710006CA8B /* Nibable.swift in Sources */,
				63A9D28E225F8AAA00BA2F3E /* EndpointRouter.swift in Sources */,
				63606DAA2263FB8600CA02C4 /* MovieViewModel.swift in Sources */,
				63A9D292225F8F7300BA2F3E /* GetMoviesResponseModel.swift in Sources */,
				6374F303225F77B6006987E5 /* APIError.swift in Sources */,
				634D2808227539750076ACB9 /* MovieCollection.swift in Sources */,
				631F96DB22958ACF00B8FEBA /* ConfigurationService.swift in Sources */,
				63167A02226BE587004180DC /* UpcomingMoviesCoordinator.swift in Sources */,
			);
			runOnlyForDeploymentPostprocessing = 0;
		};
		63FF9D55219CBA9D00C3ADF6 /* Sources */ = {
			isa = PBXSourcesBuildPhase;
			buildActionMask = 2147483647;
			files = (
				634D28582276034B0076ACB9 /* MovieEnvoyUITests.swift in Sources */,
			);
			runOnlyForDeploymentPostprocessing = 0;
		};
/* End PBXSourcesBuildPhase section */

/* Begin PBXTargetDependency section */
		634D28342275F15F0076ACB9 /* PBXTargetDependency */ = {
			isa = PBXTargetDependency;
			target = 63FF9D37219CBA9B00C3ADF6 /* MovieEnvoy */;
			targetProxy = 634D28332275F15F0076ACB9 /* PBXContainerItemProxy */;
		};
		63FF9D5B219CBA9D00C3ADF6 /* PBXTargetDependency */ = {
			isa = PBXTargetDependency;
			target = 63FF9D37219CBA9B00C3ADF6 /* MovieEnvoy */;
			targetProxy = 63FF9D5A219CBA9D00C3ADF6 /* PBXContainerItemProxy */;
		};
/* End PBXTargetDependency section */

/* Begin PBXVariantGroup section */
		63FF9D46219CBA9C00C3ADF6 /* LaunchScreen.storyboard */ = {
			isa = PBXVariantGroup;
			children = (
				63FF9D47219CBA9C00C3ADF6 /* Base */,
			);
			name = LaunchScreen.storyboard;
			sourceTree = "<group>";
		};
/* End PBXVariantGroup section */

/* Begin XCBuildConfiguration section */
		63375C72226397DB00451CE1 /* DevDebug */ = {
			isa = XCBuildConfiguration;
			baseConfigurationReference = 63375C6E22638CFF00451CE1 /* development.xcconfig */;
			buildSettings = {
				ALWAYS_SEARCH_USER_PATHS = NO;
				CLANG_ALLOW_NON_MODULAR_INCLUDES_IN_FRAMEWORK_MODULES = YES;
				CLANG_ANALYZER_NONNULL = YES;
				CLANG_ANALYZER_NUMBER_OBJECT_CONVERSION = YES_AGGRESSIVE;
				CLANG_CXX_LANGUAGE_STANDARD = "gnu++14";
				CLANG_CXX_LIBRARY = "libc++";
				CLANG_ENABLE_MODULES = YES;
				CLANG_ENABLE_OBJC_ARC = YES;
				CLANG_ENABLE_OBJC_WEAK = YES;
				CLANG_WARN_BLOCK_CAPTURE_AUTORELEASING = YES;
				CLANG_WARN_BOOL_CONVERSION = YES;
				CLANG_WARN_COMMA = YES;
				CLANG_WARN_CONSTANT_CONVERSION = YES;
				CLANG_WARN_DEPRECATED_OBJC_IMPLEMENTATIONS = YES;
				CLANG_WARN_DIRECT_OBJC_ISA_USAGE = YES_ERROR;
				CLANG_WARN_DOCUMENTATION_COMMENTS = YES;
				CLANG_WARN_EMPTY_BODY = YES;
				CLANG_WARN_ENUM_CONVERSION = YES;
				CLANG_WARN_INFINITE_RECURSION = YES;
				CLANG_WARN_INT_CONVERSION = YES;
				CLANG_WARN_NON_LITERAL_NULL_CONVERSION = YES;
				CLANG_WARN_OBJC_IMPLICIT_RETAIN_SELF = YES;
				CLANG_WARN_OBJC_LITERAL_CONVERSION = YES;
				CLANG_WARN_OBJC_ROOT_CLASS = YES_ERROR;
				CLANG_WARN_RANGE_LOOP_ANALYSIS = YES;
				CLANG_WARN_STRICT_PROTOTYPES = YES;
				CLANG_WARN_SUSPICIOUS_MOVE = YES;
				CLANG_WARN_UNGUARDED_AVAILABILITY = YES_AGGRESSIVE;
				CLANG_WARN_UNREACHABLE_CODE = YES;
				CLANG_WARN__DUPLICATE_METHOD_MATCH = YES;
				CODE_SIGN_IDENTITY = "iPhone Developer";
				COPY_PHASE_STRIP = NO;
				DEBUG_INFORMATION_FORMAT = dwarf;
				ENABLE_STRICT_OBJC_MSGSEND = YES;
				ENABLE_TESTABILITY = YES;
				GCC_C_LANGUAGE_STANDARD = gnu11;
				GCC_DYNAMIC_NO_PIC = NO;
				GCC_NO_COMMON_BLOCKS = YES;
				GCC_OPTIMIZATION_LEVEL = 0;
				GCC_PREPROCESSOR_DEFINITIONS = (
					"DEBUG=1",
					"$(inherited)",
				);
				GCC_WARN_64_TO_32_BIT_CONVERSION = YES;
				GCC_WARN_ABOUT_RETURN_TYPE = YES_ERROR;
				GCC_WARN_UNDECLARED_SELECTOR = YES;
				GCC_WARN_UNINITIALIZED_AUTOS = YES_AGGRESSIVE;
				GCC_WARN_UNUSED_FUNCTION = YES;
				GCC_WARN_UNUSED_VARIABLE = YES;
				IPHONEOS_DEPLOYMENT_TARGET = 12.2;
				MTL_ENABLE_DEBUG_INFO = INCLUDE_SOURCE;
				MTL_FAST_MATH = YES;
				ONLY_ACTIVE_ARCH = YES;
				SDKROOT = iphoneos;
				SWIFT_ACTIVE_COMPILATION_CONDITIONS = DEBUG;
				SWIFT_OPTIMIZATION_LEVEL = "-Onone";
				SWIFT_VERSION = 5.0;
			};
			name = DevDebug;
		};
		63375C73226397DB00451CE1 /* DevDebug */ = {
			isa = XCBuildConfiguration;
			baseConfigurationReference = 9DA3C062C295BBD38F7059CE /* Pods-MovieEnvoy.devdebug.xcconfig */;
			buildSettings = {
				ASSETCATALOG_COMPILER_APPICON_NAME = AppIcon;
				CLANG_ALLOW_NON_MODULAR_INCLUDES_IN_FRAMEWORK_MODULES = YES;
				CODE_SIGN_STYLE = Automatic;
				DEVELOPMENT_TEAM = L47CMA6N57;
				INFOPLIST_FILE = MovieEnvoy/Info.plist;
				LD_RUNPATH_SEARCH_PATHS = (
					"$(inherited)",
					"@executable_path/Frameworks",
				);
				PRODUCT_BUNDLE_IDENTIFIER = com.iphonedevhouse.MovieEnvoy;
				PRODUCT_NAME = "$(TARGET_NAME)";
				SWIFT_OBJC_BRIDGING_HEADER = "$(PROJECT_DIR)/MovieEnvoy/config/MovieEnvoy-Bridging-Header.h";
				SWIFT_VERSION = 5.0;
				TARGETED_DEVICE_FAMILY = "1,2";
			};
			name = DevDebug;
		};
		63375C75226397DB00451CE1 /* DevDebug */ = {
			isa = XCBuildConfiguration;
			baseConfigurationReference = C73CB115050B6082041083ED /* Pods-MovieEnvoyUITests.devdebug.xcconfig */;
			buildSettings = {
				ALWAYS_EMBED_SWIFT_STANDARD_LIBRARIES = YES;
				CODE_SIGN_STYLE = Automatic;
				DEVELOPMENT_TEAM = L47CMA6N57;
				INFOPLIST_FILE = MovieEnvoyUITests/Info.plist;
				LD_RUNPATH_SEARCH_PATHS = (
					"$(inherited)",
					"@executable_path/Frameworks",
					"@loader_path/Frameworks",
				);
				PRODUCT_BUNDLE_IDENTIFIER = com.iphonedevhouse.MovieEnvoyUITests;
				PRODUCT_NAME = "$(TARGET_NAME)";
				SWIFT_VERSION = 4.2;
				TARGETED_DEVICE_FAMILY = "1,2";
				TEST_TARGET_NAME = MovieEnvoy;
			};
			name = DevDebug;
		};
		63375C762263980900451CE1 /* ProdRelease */ = {
			isa = XCBuildConfiguration;
			baseConfigurationReference = 63375C6F22638E9E00451CE1 /* production.xcconfig */;
			buildSettings = {
				ALWAYS_SEARCH_USER_PATHS = NO;
				CLANG_ANALYZER_NONNULL = YES;
				CLANG_ANALYZER_NUMBER_OBJECT_CONVERSION = YES_AGGRESSIVE;
				CLANG_CXX_LANGUAGE_STANDARD = "gnu++14";
				CLANG_CXX_LIBRARY = "libc++";
				CLANG_ENABLE_MODULES = YES;
				CLANG_ENABLE_OBJC_ARC = YES;
				CLANG_ENABLE_OBJC_WEAK = YES;
				CLANG_WARN_BLOCK_CAPTURE_AUTORELEASING = YES;
				CLANG_WARN_BOOL_CONVERSION = YES;
				CLANG_WARN_COMMA = YES;
				CLANG_WARN_CONSTANT_CONVERSION = YES;
				CLANG_WARN_DEPRECATED_OBJC_IMPLEMENTATIONS = YES;
				CLANG_WARN_DIRECT_OBJC_ISA_USAGE = YES_ERROR;
				CLANG_WARN_DOCUMENTATION_COMMENTS = YES;
				CLANG_WARN_EMPTY_BODY = YES;
				CLANG_WARN_ENUM_CONVERSION = YES;
				CLANG_WARN_INFINITE_RECURSION = YES;
				CLANG_WARN_INT_CONVERSION = YES;
				CLANG_WARN_NON_LITERAL_NULL_CONVERSION = YES;
				CLANG_WARN_OBJC_IMPLICIT_RETAIN_SELF = YES;
				CLANG_WARN_OBJC_LITERAL_CONVERSION = YES;
				CLANG_WARN_OBJC_ROOT_CLASS = YES_ERROR;
				CLANG_WARN_RANGE_LOOP_ANALYSIS = YES;
				CLANG_WARN_STRICT_PROTOTYPES = YES;
				CLANG_WARN_SUSPICIOUS_MOVE = YES;
				CLANG_WARN_UNGUARDED_AVAILABILITY = YES_AGGRESSIVE;
				CLANG_WARN_UNREACHABLE_CODE = YES;
				CLANG_WARN__DUPLICATE_METHOD_MATCH = YES;
				CODE_SIGN_IDENTITY = "iPhone Developer";
				COPY_PHASE_STRIP = NO;
				DEBUG_INFORMATION_FORMAT = "dwarf-with-dsym";
				ENABLE_NS_ASSERTIONS = NO;
				ENABLE_STRICT_OBJC_MSGSEND = YES;
				GCC_C_LANGUAGE_STANDARD = gnu11;
				GCC_NO_COMMON_BLOCKS = YES;
				GCC_WARN_64_TO_32_BIT_CONVERSION = YES;
				GCC_WARN_ABOUT_RETURN_TYPE = YES_ERROR;
				GCC_WARN_UNDECLARED_SELECTOR = YES;
				GCC_WARN_UNINITIALIZED_AUTOS = YES_AGGRESSIVE;
				GCC_WARN_UNUSED_FUNCTION = YES;
				GCC_WARN_UNUSED_VARIABLE = YES;
				IPHONEOS_DEPLOYMENT_TARGET = 12.2;
				MTL_ENABLE_DEBUG_INFO = NO;
				MTL_FAST_MATH = YES;
				SDKROOT = iphoneos;
				SWIFT_COMPILATION_MODE = wholemodule;
				SWIFT_OPTIMIZATION_LEVEL = "-O";
				SWIFT_VERSION = 5.0;
				VALIDATE_PRODUCT = YES;
			};
			name = ProdRelease;
		};
		63375C772263980900451CE1 /* ProdRelease */ = {
			isa = XCBuildConfiguration;
			baseConfigurationReference = 9E4996553701000581FBA5C2 /* Pods-MovieEnvoy.prodrelease.xcconfig */;
			buildSettings = {
				ASSETCATALOG_COMPILER_APPICON_NAME = AppIcon;
				CODE_SIGN_STYLE = Automatic;
				DEVELOPMENT_TEAM = L47CMA6N57;
				INFOPLIST_FILE = MovieEnvoy/Info.plist;
				LD_RUNPATH_SEARCH_PATHS = (
					"$(inherited)",
					"@executable_path/Frameworks",
				);
				PRODUCT_BUNDLE_IDENTIFIER = com.iphonedevhouse.MovieEnvoy;
				PRODUCT_NAME = "$(TARGET_NAME)";
				SWIFT_OBJC_BRIDGING_HEADER = "$(PROJECT_DIR)/MovieEnvoy/config/MovieEnvoy-Bridging-Header.h";
				SWIFT_VERSION = 5.0;
				TARGETED_DEVICE_FAMILY = "1,2";
			};
			name = ProdRelease;
		};
		63375C792263980900451CE1 /* ProdRelease */ = {
			isa = XCBuildConfiguration;
			baseConfigurationReference = 6DF30E07D928636748980034 /* Pods-MovieEnvoyUITests.prodrelease.xcconfig */;
			buildSettings = {
				ALWAYS_EMBED_SWIFT_STANDARD_LIBRARIES = YES;
				CODE_SIGN_STYLE = Automatic;
				DEVELOPMENT_TEAM = L47CMA6N57;
				INFOPLIST_FILE = MovieEnvoyUITests/Info.plist;
				LD_RUNPATH_SEARCH_PATHS = (
					"$(inherited)",
					"@executable_path/Frameworks",
					"@loader_path/Frameworks",
				);
				PRODUCT_BUNDLE_IDENTIFIER = com.iphonedevhouse.MovieEnvoyUITests;
				PRODUCT_NAME = "$(TARGET_NAME)";
				SWIFT_VERSION = 4.2;
				TARGETED_DEVICE_FAMILY = "1,2";
				TEST_TARGET_NAME = MovieEnvoy;
			};
			name = ProdRelease;
		};
		63375C7A226398EC00451CE1 /* ProdDebug */ = {
			isa = XCBuildConfiguration;
			baseConfigurationReference = 63375C6E22638CFF00451CE1 /* development.xcconfig */;
			buildSettings = {
				ALWAYS_SEARCH_USER_PATHS = NO;
				CLANG_ANALYZER_NONNULL = YES;
				CLANG_ANALYZER_NUMBER_OBJECT_CONVERSION = YES_AGGRESSIVE;
				CLANG_CXX_LANGUAGE_STANDARD = "gnu++14";
				CLANG_CXX_LIBRARY = "libc++";
				CLANG_ENABLE_MODULES = YES;
				CLANG_ENABLE_OBJC_ARC = YES;
				CLANG_ENABLE_OBJC_WEAK = YES;
				CLANG_WARN_BLOCK_CAPTURE_AUTORELEASING = YES;
				CLANG_WARN_BOOL_CONVERSION = YES;
				CLANG_WARN_COMMA = YES;
				CLANG_WARN_CONSTANT_CONVERSION = YES;
				CLANG_WARN_DEPRECATED_OBJC_IMPLEMENTATIONS = YES;
				CLANG_WARN_DIRECT_OBJC_ISA_USAGE = YES_ERROR;
				CLANG_WARN_DOCUMENTATION_COMMENTS = YES;
				CLANG_WARN_EMPTY_BODY = YES;
				CLANG_WARN_ENUM_CONVERSION = YES;
				CLANG_WARN_INFINITE_RECURSION = YES;
				CLANG_WARN_INT_CONVERSION = YES;
				CLANG_WARN_NON_LITERAL_NULL_CONVERSION = YES;
				CLANG_WARN_OBJC_IMPLICIT_RETAIN_SELF = YES;
				CLANG_WARN_OBJC_LITERAL_CONVERSION = YES;
				CLANG_WARN_OBJC_ROOT_CLASS = YES_ERROR;
				CLANG_WARN_RANGE_LOOP_ANALYSIS = YES;
				CLANG_WARN_STRICT_PROTOTYPES = YES;
				CLANG_WARN_SUSPICIOUS_MOVE = YES;
				CLANG_WARN_UNGUARDED_AVAILABILITY = YES_AGGRESSIVE;
				CLANG_WARN_UNREACHABLE_CODE = YES;
				CLANG_WARN__DUPLICATE_METHOD_MATCH = YES;
				CODE_SIGN_IDENTITY = "iPhone Developer";
				COPY_PHASE_STRIP = NO;
				DEBUG_INFORMATION_FORMAT = dwarf;
				ENABLE_STRICT_OBJC_MSGSEND = YES;
				ENABLE_TESTABILITY = YES;
				GCC_C_LANGUAGE_STANDARD = gnu11;
				GCC_DYNAMIC_NO_PIC = NO;
				GCC_NO_COMMON_BLOCKS = YES;
				GCC_OPTIMIZATION_LEVEL = 0;
				GCC_PREPROCESSOR_DEFINITIONS = (
					"DEBUG=1",
					"$(inherited)",
				);
				GCC_WARN_64_TO_32_BIT_CONVERSION = YES;
				GCC_WARN_ABOUT_RETURN_TYPE = YES_ERROR;
				GCC_WARN_UNDECLARED_SELECTOR = YES;
				GCC_WARN_UNINITIALIZED_AUTOS = YES_AGGRESSIVE;
				GCC_WARN_UNUSED_FUNCTION = YES;
				GCC_WARN_UNUSED_VARIABLE = YES;
				IPHONEOS_DEPLOYMENT_TARGET = 12.2;
				MTL_ENABLE_DEBUG_INFO = INCLUDE_SOURCE;
				MTL_FAST_MATH = YES;
				ONLY_ACTIVE_ARCH = YES;
				SDKROOT = iphoneos;
				SWIFT_ACTIVE_COMPILATION_CONDITIONS = DEBUG;
				SWIFT_OPTIMIZATION_LEVEL = "-Onone";
				SWIFT_VERSION = 5.0;
			};
			name = ProdDebug;
		};
		63375C7B226398EC00451CE1 /* ProdDebug */ = {
			isa = XCBuildConfiguration;
			baseConfigurationReference = D56EA388B7ACD6D7D87BB6F2 /* Pods-MovieEnvoy.proddebug.xcconfig */;
			buildSettings = {
				ASSETCATALOG_COMPILER_APPICON_NAME = AppIcon;
				CODE_SIGN_STYLE = Automatic;
				DEVELOPMENT_TEAM = L47CMA6N57;
				INFOPLIST_FILE = MovieEnvoy/Info.plist;
				LD_RUNPATH_SEARCH_PATHS = (
					"$(inherited)",
					"@executable_path/Frameworks",
				);
				PRODUCT_BUNDLE_IDENTIFIER = com.iphonedevhouse.MovieEnvoy;
				PRODUCT_NAME = "$(TARGET_NAME)";
				SWIFT_OBJC_BRIDGING_HEADER = "$(PROJECT_DIR)/MovieEnvoy/config/MovieEnvoy-Bridging-Header.h";
				SWIFT_VERSION = 5.0;
				TARGETED_DEVICE_FAMILY = "1,2";
			};
			name = ProdDebug;
		};
		63375C7D226398EC00451CE1 /* ProdDebug */ = {
			isa = XCBuildConfiguration;
			baseConfigurationReference = 1741700A0B62D60CDB3A24B2 /* Pods-MovieEnvoyUITests.proddebug.xcconfig */;
			buildSettings = {
				ALWAYS_EMBED_SWIFT_STANDARD_LIBRARIES = YES;
				CODE_SIGN_STYLE = Automatic;
				DEVELOPMENT_TEAM = L47CMA6N57;
				INFOPLIST_FILE = MovieEnvoyUITests/Info.plist;
				LD_RUNPATH_SEARCH_PATHS = (
					"$(inherited)",
					"@executable_path/Frameworks",
					"@loader_path/Frameworks",
				);
				PRODUCT_BUNDLE_IDENTIFIER = com.iphonedevhouse.MovieEnvoyUITests;
				PRODUCT_NAME = "$(TARGET_NAME)";
				SWIFT_VERSION = 4.2;
				TARGETED_DEVICE_FAMILY = "1,2";
				TEST_TARGET_NAME = MovieEnvoy;
			};
			name = ProdDebug;
		};
		63375C7E226398FD00451CE1 /* DevRelease */ = {
			isa = XCBuildConfiguration;
			baseConfigurationReference = 63375C6F22638E9E00451CE1 /* production.xcconfig */;
			buildSettings = {
				ALWAYS_SEARCH_USER_PATHS = NO;
				CLANG_ANALYZER_NONNULL = YES;
				CLANG_ANALYZER_NUMBER_OBJECT_CONVERSION = YES_AGGRESSIVE;
				CLANG_CXX_LANGUAGE_STANDARD = "gnu++14";
				CLANG_CXX_LIBRARY = "libc++";
				CLANG_ENABLE_MODULES = YES;
				CLANG_ENABLE_OBJC_ARC = YES;
				CLANG_ENABLE_OBJC_WEAK = YES;
				CLANG_WARN_BLOCK_CAPTURE_AUTORELEASING = YES;
				CLANG_WARN_BOOL_CONVERSION = YES;
				CLANG_WARN_COMMA = YES;
				CLANG_WARN_CONSTANT_CONVERSION = YES;
				CLANG_WARN_DEPRECATED_OBJC_IMPLEMENTATIONS = YES;
				CLANG_WARN_DIRECT_OBJC_ISA_USAGE = YES_ERROR;
				CLANG_WARN_DOCUMENTATION_COMMENTS = YES;
				CLANG_WARN_EMPTY_BODY = YES;
				CLANG_WARN_ENUM_CONVERSION = YES;
				CLANG_WARN_INFINITE_RECURSION = YES;
				CLANG_WARN_INT_CONVERSION = YES;
				CLANG_WARN_NON_LITERAL_NULL_CONVERSION = YES;
				CLANG_WARN_OBJC_IMPLICIT_RETAIN_SELF = YES;
				CLANG_WARN_OBJC_LITERAL_CONVERSION = YES;
				CLANG_WARN_OBJC_ROOT_CLASS = YES_ERROR;
				CLANG_WARN_RANGE_LOOP_ANALYSIS = YES;
				CLANG_WARN_STRICT_PROTOTYPES = YES;
				CLANG_WARN_SUSPICIOUS_MOVE = YES;
				CLANG_WARN_UNGUARDED_AVAILABILITY = YES_AGGRESSIVE;
				CLANG_WARN_UNREACHABLE_CODE = YES;
				CLANG_WARN__DUPLICATE_METHOD_MATCH = YES;
				CODE_SIGN_IDENTITY = "iPhone Developer";
				COPY_PHASE_STRIP = NO;
				DEBUG_INFORMATION_FORMAT = "dwarf-with-dsym";
				ENABLE_NS_ASSERTIONS = NO;
				ENABLE_STRICT_OBJC_MSGSEND = YES;
				GCC_C_LANGUAGE_STANDARD = gnu11;
				GCC_NO_COMMON_BLOCKS = YES;
				GCC_WARN_64_TO_32_BIT_CONVERSION = YES;
				GCC_WARN_ABOUT_RETURN_TYPE = YES_ERROR;
				GCC_WARN_UNDECLARED_SELECTOR = YES;
				GCC_WARN_UNINITIALIZED_AUTOS = YES_AGGRESSIVE;
				GCC_WARN_UNUSED_FUNCTION = YES;
				GCC_WARN_UNUSED_VARIABLE = YES;
				IPHONEOS_DEPLOYMENT_TARGET = 12.2;
				MTL_ENABLE_DEBUG_INFO = NO;
				MTL_FAST_MATH = YES;
				SDKROOT = iphoneos;
				SWIFT_COMPILATION_MODE = wholemodule;
				SWIFT_OPTIMIZATION_LEVEL = "-O";
				SWIFT_VERSION = 5.0;
				VALIDATE_PRODUCT = YES;
			};
			name = DevRelease;
		};
		63375C7F226398FD00451CE1 /* DevRelease */ = {
			isa = XCBuildConfiguration;
			baseConfigurationReference = 0C9E28ACE5A0ACDDB1F0B465 /* Pods-MovieEnvoy.devrelease.xcconfig */;
			buildSettings = {
				ASSETCATALOG_COMPILER_APPICON_NAME = AppIcon;
				CODE_SIGN_STYLE = Automatic;
				DEVELOPMENT_TEAM = L47CMA6N57;
				INFOPLIST_FILE = MovieEnvoy/Info.plist;
				LD_RUNPATH_SEARCH_PATHS = (
					"$(inherited)",
					"@executable_path/Frameworks",
				);
				PRODUCT_BUNDLE_IDENTIFIER = com.iphonedevhouse.MovieEnvoy;
				PRODUCT_NAME = "$(TARGET_NAME)";
				SWIFT_OBJC_BRIDGING_HEADER = "$(PROJECT_DIR)/MovieEnvoy/config/MovieEnvoy-Bridging-Header.h";
				SWIFT_VERSION = 5.0;
				TARGETED_DEVICE_FAMILY = "1,2";
			};
			name = DevRelease;
		};
		63375C81226398FD00451CE1 /* DevRelease */ = {
			isa = XCBuildConfiguration;
			baseConfigurationReference = D6D8D62935E6A041BB1ADFA1 /* Pods-MovieEnvoyUITests.devrelease.xcconfig */;
			buildSettings = {
				ALWAYS_EMBED_SWIFT_STANDARD_LIBRARIES = YES;
				CODE_SIGN_STYLE = Automatic;
				DEVELOPMENT_TEAM = L47CMA6N57;
				INFOPLIST_FILE = MovieEnvoyUITests/Info.plist;
				LD_RUNPATH_SEARCH_PATHS = (
					"$(inherited)",
					"@executable_path/Frameworks",
					"@loader_path/Frameworks",
				);
				PRODUCT_BUNDLE_IDENTIFIER = com.iphonedevhouse.MovieEnvoyUITests;
				PRODUCT_NAME = "$(TARGET_NAME)";
				SWIFT_VERSION = 4.2;
				TARGETED_DEVICE_FAMILY = "1,2";
				TEST_TARGET_NAME = MovieEnvoy;
			};
			name = DevRelease;
		};
		634D28362275F15F0076ACB9 /* Debug */ = {
			isa = XCBuildConfiguration;
			baseConfigurationReference = 1F11BD07E9C630B4873A5FB7 /* Pods-MovieEnvoyTests.debug.xcconfig */;
			buildSettings = {
				BUNDLE_LOADER = "$(TEST_HOST)";
				CODE_SIGN_STYLE = Automatic;
				DEVELOPMENT_TEAM = L47CMA6N57;
				INFOPLIST_FILE = MovieEnvoyTests/Info.plist;
				LD_RUNPATH_SEARCH_PATHS = (
					"$(inherited)",
					"@executable_path/Frameworks",
					"@loader_path/Frameworks",
				);
				PRODUCT_BUNDLE_IDENTIFIER = com.iphonedevhouse.MovieEnvoyTests;
				PRODUCT_NAME = "$(TARGET_NAME)";
				SWIFT_VERSION = 5.0;
				TARGETED_DEVICE_FAMILY = "1,2";
				TEST_HOST = "$(BUILT_PRODUCTS_DIR)/MovieEnvoy.app/MovieEnvoy";
			};
			name = Debug;
		};
		634D28372275F15F0076ACB9 /* ProdDebug */ = {
			isa = XCBuildConfiguration;
			baseConfigurationReference = D1D23694F192E98E1028E625 /* Pods-MovieEnvoyTests.proddebug.xcconfig */;
			buildSettings = {
				BUNDLE_LOADER = "$(TEST_HOST)";
				CODE_SIGN_STYLE = Automatic;
				DEVELOPMENT_TEAM = L47CMA6N57;
				INFOPLIST_FILE = MovieEnvoyTests/Info.plist;
				LD_RUNPATH_SEARCH_PATHS = (
					"$(inherited)",
					"@executable_path/Frameworks",
					"@loader_path/Frameworks",
				);
				PRODUCT_BUNDLE_IDENTIFIER = com.iphonedevhouse.MovieEnvoyTests;
				PRODUCT_NAME = "$(TARGET_NAME)";
				SWIFT_VERSION = 5.0;
				TARGETED_DEVICE_FAMILY = "1,2";
				TEST_HOST = "$(BUILT_PRODUCTS_DIR)/MovieEnvoy.app/MovieEnvoy";
			};
			name = ProdDebug;
		};
		634D28382275F15F0076ACB9 /* DevDebug */ = {
			isa = XCBuildConfiguration;
			baseConfigurationReference = B83F2F124134E19D17038C8D /* Pods-MovieEnvoyTests.devdebug.xcconfig */;
			buildSettings = {
				BUNDLE_LOADER = "$(TEST_HOST)";
				CODE_SIGN_STYLE = Automatic;
				DEVELOPMENT_TEAM = L47CMA6N57;
				INFOPLIST_FILE = MovieEnvoyTests/Info.plist;
				LD_RUNPATH_SEARCH_PATHS = (
					"$(inherited)",
					"@executable_path/Frameworks",
					"@loader_path/Frameworks",
				);
				PRODUCT_BUNDLE_IDENTIFIER = com.iphonedevhouse.MovieEnvoyTests;
				PRODUCT_NAME = "$(TARGET_NAME)";
				SWIFT_VERSION = 5.0;
				TARGETED_DEVICE_FAMILY = "1,2";
				TEST_HOST = "$(BUILT_PRODUCTS_DIR)/MovieEnvoy.app/MovieEnvoy";
			};
			name = DevDebug;
		};
		634D28392275F15F0076ACB9 /* Release */ = {
			isa = XCBuildConfiguration;
			baseConfigurationReference = 65DCEF71F551179EBAD847F4 /* Pods-MovieEnvoyTests.release.xcconfig */;
			buildSettings = {
				BUNDLE_LOADER = "$(TEST_HOST)";
				CODE_SIGN_STYLE = Automatic;
				DEVELOPMENT_TEAM = L47CMA6N57;
				INFOPLIST_FILE = MovieEnvoyTests/Info.plist;
				LD_RUNPATH_SEARCH_PATHS = (
					"$(inherited)",
					"@executable_path/Frameworks",
					"@loader_path/Frameworks",
				);
				PRODUCT_BUNDLE_IDENTIFIER = com.iphonedevhouse.MovieEnvoyTests;
				PRODUCT_NAME = "$(TARGET_NAME)";
				SWIFT_VERSION = 5.0;
				TARGETED_DEVICE_FAMILY = "1,2";
				TEST_HOST = "$(BUILT_PRODUCTS_DIR)/MovieEnvoy.app/MovieEnvoy";
			};
			name = Release;
		};
		634D283A2275F15F0076ACB9 /* DevRelease */ = {
			isa = XCBuildConfiguration;
			baseConfigurationReference = D76CE8669B22D9919A8F9EFA /* Pods-MovieEnvoyTests.devrelease.xcconfig */;
			buildSettings = {
				BUNDLE_LOADER = "$(TEST_HOST)";
				CODE_SIGN_STYLE = Automatic;
				DEVELOPMENT_TEAM = L47CMA6N57;
				INFOPLIST_FILE = MovieEnvoyTests/Info.plist;
				LD_RUNPATH_SEARCH_PATHS = (
					"$(inherited)",
					"@executable_path/Frameworks",
					"@loader_path/Frameworks",
				);
				PRODUCT_BUNDLE_IDENTIFIER = com.iphonedevhouse.MovieEnvoyTests;
				PRODUCT_NAME = "$(TARGET_NAME)";
				SWIFT_VERSION = 5.0;
				TARGETED_DEVICE_FAMILY = "1,2";
				TEST_HOST = "$(BUILT_PRODUCTS_DIR)/MovieEnvoy.app/MovieEnvoy";
			};
			name = DevRelease;
		};
		634D283B2275F15F0076ACB9 /* ProdRelease */ = {
			isa = XCBuildConfiguration;
			baseConfigurationReference = 2A2AD08751CABC48F7C41C4D /* Pods-MovieEnvoyTests.prodrelease.xcconfig */;
			buildSettings = {
				BUNDLE_LOADER = "$(TEST_HOST)";
				CODE_SIGN_STYLE = Automatic;
				DEVELOPMENT_TEAM = L47CMA6N57;
				INFOPLIST_FILE = MovieEnvoyTests/Info.plist;
				LD_RUNPATH_SEARCH_PATHS = (
					"$(inherited)",
					"@executable_path/Frameworks",
					"@loader_path/Frameworks",
				);
				PRODUCT_BUNDLE_IDENTIFIER = com.iphonedevhouse.MovieEnvoyTests;
				PRODUCT_NAME = "$(TARGET_NAME)";
				SWIFT_VERSION = 5.0;
				TARGETED_DEVICE_FAMILY = "1,2";
				TEST_HOST = "$(BUILT_PRODUCTS_DIR)/MovieEnvoy.app/MovieEnvoy";
			};
			name = ProdRelease;
		};
		63FF9D60219CBA9D00C3ADF6 /* Debug */ = {
			isa = XCBuildConfiguration;
			buildSettings = {
				ALWAYS_SEARCH_USER_PATHS = NO;
				CLANG_ANALYZER_NONNULL = YES;
				CLANG_ANALYZER_NUMBER_OBJECT_CONVERSION = YES_AGGRESSIVE;
				CLANG_CXX_LANGUAGE_STANDARD = "gnu++14";
				CLANG_CXX_LIBRARY = "libc++";
				CLANG_ENABLE_MODULES = YES;
				CLANG_ENABLE_OBJC_ARC = YES;
				CLANG_ENABLE_OBJC_WEAK = YES;
				CLANG_WARN_BLOCK_CAPTURE_AUTORELEASING = YES;
				CLANG_WARN_BOOL_CONVERSION = YES;
				CLANG_WARN_COMMA = YES;
				CLANG_WARN_CONSTANT_CONVERSION = YES;
				CLANG_WARN_DEPRECATED_OBJC_IMPLEMENTATIONS = YES;
				CLANG_WARN_DIRECT_OBJC_ISA_USAGE = YES_ERROR;
				CLANG_WARN_DOCUMENTATION_COMMENTS = YES;
				CLANG_WARN_EMPTY_BODY = YES;
				CLANG_WARN_ENUM_CONVERSION = YES;
				CLANG_WARN_INFINITE_RECURSION = YES;
				CLANG_WARN_INT_CONVERSION = YES;
				CLANG_WARN_NON_LITERAL_NULL_CONVERSION = YES;
				CLANG_WARN_OBJC_IMPLICIT_RETAIN_SELF = YES;
				CLANG_WARN_OBJC_LITERAL_CONVERSION = YES;
				CLANG_WARN_OBJC_ROOT_CLASS = YES_ERROR;
				CLANG_WARN_RANGE_LOOP_ANALYSIS = YES;
				CLANG_WARN_STRICT_PROTOTYPES = YES;
				CLANG_WARN_SUSPICIOUS_MOVE = YES;
				CLANG_WARN_UNGUARDED_AVAILABILITY = YES_AGGRESSIVE;
				CLANG_WARN_UNREACHABLE_CODE = YES;
				CLANG_WARN__DUPLICATE_METHOD_MATCH = YES;
				CODE_SIGN_IDENTITY = "iPhone Developer";
				COPY_PHASE_STRIP = NO;
				DEBUG_INFORMATION_FORMAT = dwarf;
				ENABLE_STRICT_OBJC_MSGSEND = YES;
				ENABLE_TESTABILITY = YES;
				GCC_C_LANGUAGE_STANDARD = gnu11;
				GCC_DYNAMIC_NO_PIC = NO;
				GCC_NO_COMMON_BLOCKS = YES;
				GCC_OPTIMIZATION_LEVEL = 0;
				GCC_PREPROCESSOR_DEFINITIONS = (
					"DEBUG=1",
					"$(inherited)",
				);
				GCC_WARN_64_TO_32_BIT_CONVERSION = YES;
				GCC_WARN_ABOUT_RETURN_TYPE = YES_ERROR;
				GCC_WARN_UNDECLARED_SELECTOR = YES;
				GCC_WARN_UNINITIALIZED_AUTOS = YES_AGGRESSIVE;
				GCC_WARN_UNUSED_FUNCTION = YES;
				GCC_WARN_UNUSED_VARIABLE = YES;
				IPHONEOS_DEPLOYMENT_TARGET = 12.2;
				MTL_ENABLE_DEBUG_INFO = INCLUDE_SOURCE;
				MTL_FAST_MATH = YES;
				ONLY_ACTIVE_ARCH = YES;
				SDKROOT = iphoneos;
				SWIFT_ACTIVE_COMPILATION_CONDITIONS = DEBUG;
				SWIFT_OPTIMIZATION_LEVEL = "-Onone";
				SWIFT_VERSION = 5.0;
			};
			name = Debug;
		};
		63FF9D61219CBA9D00C3ADF6 /* Release */ = {
			isa = XCBuildConfiguration;
			buildSettings = {
				ALWAYS_SEARCH_USER_PATHS = NO;
				CLANG_ANALYZER_NONNULL = YES;
				CLANG_ANALYZER_NUMBER_OBJECT_CONVERSION = YES_AGGRESSIVE;
				CLANG_CXX_LANGUAGE_STANDARD = "gnu++14";
				CLANG_CXX_LIBRARY = "libc++";
				CLANG_ENABLE_MODULES = YES;
				CLANG_ENABLE_OBJC_ARC = YES;
				CLANG_ENABLE_OBJC_WEAK = YES;
				CLANG_WARN_BLOCK_CAPTURE_AUTORELEASING = YES;
				CLANG_WARN_BOOL_CONVERSION = YES;
				CLANG_WARN_COMMA = YES;
				CLANG_WARN_CONSTANT_CONVERSION = YES;
				CLANG_WARN_DEPRECATED_OBJC_IMPLEMENTATIONS = YES;
				CLANG_WARN_DIRECT_OBJC_ISA_USAGE = YES_ERROR;
				CLANG_WARN_DOCUMENTATION_COMMENTS = YES;
				CLANG_WARN_EMPTY_BODY = YES;
				CLANG_WARN_ENUM_CONVERSION = YES;
				CLANG_WARN_INFINITE_RECURSION = YES;
				CLANG_WARN_INT_CONVERSION = YES;
				CLANG_WARN_NON_LITERAL_NULL_CONVERSION = YES;
				CLANG_WARN_OBJC_IMPLICIT_RETAIN_SELF = YES;
				CLANG_WARN_OBJC_LITERAL_CONVERSION = YES;
				CLANG_WARN_OBJC_ROOT_CLASS = YES_ERROR;
				CLANG_WARN_RANGE_LOOP_ANALYSIS = YES;
				CLANG_WARN_STRICT_PROTOTYPES = YES;
				CLANG_WARN_SUSPICIOUS_MOVE = YES;
				CLANG_WARN_UNGUARDED_AVAILABILITY = YES_AGGRESSIVE;
				CLANG_WARN_UNREACHABLE_CODE = YES;
				CLANG_WARN__DUPLICATE_METHOD_MATCH = YES;
				CODE_SIGN_IDENTITY = "iPhone Developer";
				COPY_PHASE_STRIP = NO;
				DEBUG_INFORMATION_FORMAT = "dwarf-with-dsym";
				ENABLE_NS_ASSERTIONS = NO;
				ENABLE_STRICT_OBJC_MSGSEND = YES;
				GCC_C_LANGUAGE_STANDARD = gnu11;
				GCC_NO_COMMON_BLOCKS = YES;
				GCC_WARN_64_TO_32_BIT_CONVERSION = YES;
				GCC_WARN_ABOUT_RETURN_TYPE = YES_ERROR;
				GCC_WARN_UNDECLARED_SELECTOR = YES;
				GCC_WARN_UNINITIALIZED_AUTOS = YES_AGGRESSIVE;
				GCC_WARN_UNUSED_FUNCTION = YES;
				GCC_WARN_UNUSED_VARIABLE = YES;
				IPHONEOS_DEPLOYMENT_TARGET = 12.2;
				MTL_ENABLE_DEBUG_INFO = NO;
				MTL_FAST_MATH = YES;
				SDKROOT = iphoneos;
				SWIFT_COMPILATION_MODE = wholemodule;
				SWIFT_OPTIMIZATION_LEVEL = "-O";
				SWIFT_VERSION = 5.0;
				VALIDATE_PRODUCT = YES;
			};
			name = Release;
		};
		63FF9D63219CBA9D00C3ADF6 /* Debug */ = {
			isa = XCBuildConfiguration;
			baseConfigurationReference = 397BDDAC96A4228804751EEE /* Pods-MovieEnvoy.debug.xcconfig */;
			buildSettings = {
				ASSETCATALOG_COMPILER_APPICON_NAME = AppIcon;
				CODE_SIGN_STYLE = Automatic;
				DEVELOPMENT_TEAM = L47CMA6N57;
				INFOPLIST_FILE = MovieEnvoy/Info.plist;
				LD_RUNPATH_SEARCH_PATHS = (
					"$(inherited)",
					"@executable_path/Frameworks",
				);
				PRODUCT_BUNDLE_IDENTIFIER = com.iphonedevhouse.MovieEnvoy;
				PRODUCT_NAME = "$(TARGET_NAME)";
				SWIFT_OBJC_BRIDGING_HEADER = "$(PROJECT_DIR)/MovieEnvoy/config/MovieEnvoy-Bridging-Header.h";
				SWIFT_VERSION = 5.0;
				TARGETED_DEVICE_FAMILY = "1,2";
			};
			name = Debug;
		};
		63FF9D64219CBA9D00C3ADF6 /* Release */ = {
			isa = XCBuildConfiguration;
			baseConfigurationReference = 29BA6A5C19E68DFEEA49A846 /* Pods-MovieEnvoy.release.xcconfig */;
			buildSettings = {
				ASSETCATALOG_COMPILER_APPICON_NAME = AppIcon;
				CODE_SIGN_STYLE = Automatic;
				DEVELOPMENT_TEAM = L47CMA6N57;
				INFOPLIST_FILE = MovieEnvoy/Info.plist;
				LD_RUNPATH_SEARCH_PATHS = (
					"$(inherited)",
					"@executable_path/Frameworks",
				);
				PRODUCT_BUNDLE_IDENTIFIER = com.iphonedevhouse.MovieEnvoy;
				PRODUCT_NAME = "$(TARGET_NAME)";
				SWIFT_OBJC_BRIDGING_HEADER = "$(PROJECT_DIR)/MovieEnvoy/config/MovieEnvoy-Bridging-Header.h";
				SWIFT_VERSION = 5.0;
				TARGETED_DEVICE_FAMILY = "1,2";
			};
			name = Release;
		};
		63FF9D69219CBA9D00C3ADF6 /* Debug */ = {
			isa = XCBuildConfiguration;
			baseConfigurationReference = DA77E42AE1EF79FF75835DAC /* Pods-MovieEnvoyUITests.debug.xcconfig */;
			buildSettings = {
				ALWAYS_EMBED_SWIFT_STANDARD_LIBRARIES = YES;
				CODE_SIGN_STYLE = Automatic;
				DEVELOPMENT_TEAM = L47CMA6N57;
				INFOPLIST_FILE = MovieEnvoyUITests/Info.plist;
				LD_RUNPATH_SEARCH_PATHS = (
					"$(inherited)",
					"@executable_path/Frameworks",
					"@loader_path/Frameworks",
				);
				PRODUCT_BUNDLE_IDENTIFIER = com.iphonedevhouse.MovieEnvoyUITests;
				PRODUCT_NAME = "$(TARGET_NAME)";
				SWIFT_VERSION = 4.2;
				TARGETED_DEVICE_FAMILY = "1,2";
				TEST_TARGET_NAME = MovieEnvoy;
			};
			name = Debug;
		};
		63FF9D6A219CBA9D00C3ADF6 /* Release */ = {
			isa = XCBuildConfiguration;
			baseConfigurationReference = E61EE013DE6766469310797C /* Pods-MovieEnvoyUITests.release.xcconfig */;
			buildSettings = {
				ALWAYS_EMBED_SWIFT_STANDARD_LIBRARIES = YES;
				CODE_SIGN_STYLE = Automatic;
				DEVELOPMENT_TEAM = L47CMA6N57;
				INFOPLIST_FILE = MovieEnvoyUITests/Info.plist;
				LD_RUNPATH_SEARCH_PATHS = (
					"$(inherited)",
					"@executable_path/Frameworks",
					"@loader_path/Frameworks",
				);
				PRODUCT_BUNDLE_IDENTIFIER = com.iphonedevhouse.MovieEnvoyUITests;
				PRODUCT_NAME = "$(TARGET_NAME)";
				SWIFT_VERSION = 4.2;
				TARGETED_DEVICE_FAMILY = "1,2";
				TEST_TARGET_NAME = MovieEnvoy;
			};
			name = Release;
		};
/* End XCBuildConfiguration section */

/* Begin XCConfigurationList section */
		634D28352275F15F0076ACB9 /* Build configuration list for PBXNativeTarget "MovieEnvoyTests" */ = {
			isa = XCConfigurationList;
			buildConfigurations = (
				634D28362275F15F0076ACB9 /* Debug */,
				634D28372275F15F0076ACB9 /* ProdDebug */,
				634D28382275F15F0076ACB9 /* DevDebug */,
				634D28392275F15F0076ACB9 /* Release */,
				634D283A2275F15F0076ACB9 /* DevRelease */,
				634D283B2275F15F0076ACB9 /* ProdRelease */,
			);
			defaultConfigurationIsVisible = 0;
			defaultConfigurationName = Release;
		};
		63FF9D33219CBA9B00C3ADF6 /* Build configuration list for PBXProject "MovieEnvoy" */ = {
			isa = XCConfigurationList;
			buildConfigurations = (
				63FF9D60219CBA9D00C3ADF6 /* Debug */,
				63375C7A226398EC00451CE1 /* ProdDebug */,
				63375C72226397DB00451CE1 /* DevDebug */,
				63FF9D61219CBA9D00C3ADF6 /* Release */,
				63375C7E226398FD00451CE1 /* DevRelease */,
				63375C762263980900451CE1 /* ProdRelease */,
			);
			defaultConfigurationIsVisible = 0;
			defaultConfigurationName = Release;
		};
		63FF9D62219CBA9D00C3ADF6 /* Build configuration list for PBXNativeTarget "MovieEnvoy" */ = {
			isa = XCConfigurationList;
			buildConfigurations = (
				63FF9D63219CBA9D00C3ADF6 /* Debug */,
				63375C7B226398EC00451CE1 /* ProdDebug */,
				63375C73226397DB00451CE1 /* DevDebug */,
				63FF9D64219CBA9D00C3ADF6 /* Release */,
				63375C7F226398FD00451CE1 /* DevRelease */,
				63375C772263980900451CE1 /* ProdRelease */,
			);
			defaultConfigurationIsVisible = 0;
			defaultConfigurationName = Release;
		};
		63FF9D68219CBA9D00C3ADF6 /* Build configuration list for PBXNativeTarget "MovieEnvoyUITests" */ = {
			isa = XCConfigurationList;
			buildConfigurations = (
				63FF9D69219CBA9D00C3ADF6 /* Debug */,
				63375C7D226398EC00451CE1 /* ProdDebug */,
				63375C75226397DB00451CE1 /* DevDebug */,
				63FF9D6A219CBA9D00C3ADF6 /* Release */,
				63375C81226398FD00451CE1 /* DevRelease */,
				63375C792263980900451CE1 /* ProdRelease */,
			);
			defaultConfigurationIsVisible = 0;
			defaultConfigurationName = Release;
		};
/* End XCConfigurationList section */
	};
	rootObject = 63FF9D30219CBA9B00C3ADF6 /* Project object */;
}
